// !$*UTF8*$!
{
	archiveVersion = 1;
	classes = {
	};
	objectVersion = 48;
	objects = {

/* Begin PBXBuildFile section */
		05C680E71CFE205F00B41A45 /* Example22.swift in Sources */ = {isa = PBXBuildFile; fileRef = 05C680E61CFE205F00B41A45 /* Example22.swift */; };
		05E150431CFF9C6F008AB9B3 /* Example24.swift in Sources */ = {isa = PBXBuildFile; fileRef = 05E150421CFF9C6F008AB9B3 /* Example24.swift */; };
		05E3C6C81CEFBD1B00BAFE1D /* AppDelegate.swift in Sources */ = {isa = PBXBuildFile; fileRef = 05E3C6C71CEFBD1B00BAFE1D /* AppDelegate.swift */; };
		05E3C6CA1CEFBD1B00BAFE1D /* FirstViewController.swift in Sources */ = {isa = PBXBuildFile; fileRef = 05E3C6C91CEFBD1B00BAFE1D /* FirstViewController.swift */; };
		05E3C6CC1CEFBD1B00BAFE1D /* SecondViewController.swift in Sources */ = {isa = PBXBuildFile; fileRef = 05E3C6CB1CEFBD1B00BAFE1D /* SecondViewController.swift */; };
		05E3C6D11CEFBD1B00BAFE1D /* Assets.xcassets in Resources */ = {isa = PBXBuildFile; fileRef = 05E3C6D01CEFBD1B00BAFE1D /* Assets.xcassets */; };
		05E3C6D41CEFBD1B00BAFE1D /* LaunchScreen.storyboard in Resources */ = {isa = PBXBuildFile; fileRef = 05E3C6D21CEFBD1B00BAFE1D /* LaunchScreen.storyboard */; };
		05E3C6F11CEFD26A00BAFE1D /* Example2.1.swift in Sources */ = {isa = PBXBuildFile; fileRef = 05E3C6F01CEFD26A00BAFE1D /* Example2.1.swift */; };
		EC04DBF12030429200B2C271 /* Date-Extension.swift in Sources */ = {isa = PBXBuildFile; fileRef = EC292885202F373100B8B759 /* Date-Extension.swift */; };
		EC04DBF22030429200B2C271 /* Event.swift in Sources */ = {isa = PBXBuildFile; fileRef = EC292886202F373100B8B759 /* Event.swift */; };
		EC04DBF32030429200B2C271 /* URL-Extension.swift in Sources */ = {isa = PBXBuildFile; fileRef = EC292887202F373100B8B759 /* URL-Extension.swift */; };
		EC04DBF42030429200B2C271 /* Dispatch.swift in Sources */ = {isa = PBXBuildFile; fileRef = EC292888202F373100B8B759 /* Dispatch.swift */; };
		EC04DBF52030429200B2C271 /* String-Extension.swift in Sources */ = {isa = PBXBuildFile; fileRef = EC292889202F373100B8B759 /* String-Extension.swift */; };
		EC04DBF62030429200B2C271 /* Bool-Extension.swift in Sources */ = {isa = PBXBuildFile; fileRef = EC29288A202F373100B8B759 /* Bool-Extension.swift */; };
		EC04DBF72030429200B2C271 /* CGRect-Extension.swift in Sources */ = {isa = PBXBuildFile; fileRef = EC29288B202F373100B8B759 /* CGRect-Extension.swift */; };
		EC04DBF82030429200B2C271 /* Array-Extension.swift in Sources */ = {isa = PBXBuildFile; fileRef = EC29288C202F373100B8B759 /* Array-Extension.swift */; };
		EC04DBF92030429200B2C271 /* CGSize-Extenstion.swift in Sources */ = {isa = PBXBuildFile; fileRef = EC29288D202F373100B8B759 /* CGSize-Extenstion.swift */; };
		EC04DBFA203042A100B2C271 /* UIButton-Extension.swift in Sources */ = {isa = PBXBuildFile; fileRef = EC2928F1202F401F00B8B759 /* UIButton-Extension.swift */; };
		EC04DBFB203042A100B2C271 /* UILabel-Extension.swift in Sources */ = {isa = PBXBuildFile; fileRef = EC2928F2202F401F00B8B759 /* UILabel-Extension.swift */; };
		EC04DBFC203042A100B2C271 /* UIApplication-Extension.swift in Sources */ = {isa = PBXBuildFile; fileRef = EC2928F3202F401F00B8B759 /* UIApplication-Extension.swift */; };
		EC04DBFD203042A100B2C271 /* UIColor-Extension.swift in Sources */ = {isa = PBXBuildFile; fileRef = EC2928F4202F401F00B8B759 /* UIColor-Extension.swift */; };
		EC04DBFE203042A100B2C271 /* UIFont-Extension.swift in Sources */ = {isa = PBXBuildFile; fileRef = EC2928F5202F401F00B8B759 /* UIFont-Extension.swift */; };
		EC04DBFF203042A100B2C271 /* UIViewController-Extension.swift in Sources */ = {isa = PBXBuildFile; fileRef = EC2928F6202F401F00B8B759 /* UIViewController-Extension.swift */; };
		EC04DC00203042A100B2C271 /* UIView-Extension.swift in Sources */ = {isa = PBXBuildFile; fileRef = EC2928F7202F401F00B8B759 /* UIView-Extension.swift */; };
		EC04DC01203042A100B2C271 /* UIImage-Extension.swift in Sources */ = {isa = PBXBuildFile; fileRef = EC2928F8202F401F00B8B759 /* UIImage-Extension.swift */; };
		EC04DC02203042A100B2C271 /* UITableViewCell-Extension.swift in Sources */ = {isa = PBXBuildFile; fileRef = EC2928F9202F401F00B8B759 /* UITableViewCell-Extension.swift */; };
		EC04DC03203042A100B2C271 /* UITableView-Extension.swift in Sources */ = {isa = PBXBuildFile; fileRef = EC2928FA202F401F00B8B759 /* UITableView-Extension.swift */; };
		EC04DC042030459800B2C271 /* Date-Extension.swift in Sources */ = {isa = PBXBuildFile; fileRef = EC292885202F373100B8B759 /* Date-Extension.swift */; };
		EC04DC052030459800B2C271 /* Event.swift in Sources */ = {isa = PBXBuildFile; fileRef = EC292886202F373100B8B759 /* Event.swift */; };
		EC04DC062030459800B2C271 /* URL-Extension.swift in Sources */ = {isa = PBXBuildFile; fileRef = EC292887202F373100B8B759 /* URL-Extension.swift */; };
		EC04DC072030459800B2C271 /* Dispatch.swift in Sources */ = {isa = PBXBuildFile; fileRef = EC292888202F373100B8B759 /* Dispatch.swift */; };
		EC04DC082030459800B2C271 /* String-Extension.swift in Sources */ = {isa = PBXBuildFile; fileRef = EC292889202F373100B8B759 /* String-Extension.swift */; };
		EC04DC092030459800B2C271 /* Bool-Extension.swift in Sources */ = {isa = PBXBuildFile; fileRef = EC29288A202F373100B8B759 /* Bool-Extension.swift */; };
		EC04DC0A2030459800B2C271 /* CGRect-Extension.swift in Sources */ = {isa = PBXBuildFile; fileRef = EC29288B202F373100B8B759 /* CGRect-Extension.swift */; };
		EC04DC0B2030459800B2C271 /* Array-Extension.swift in Sources */ = {isa = PBXBuildFile; fileRef = EC29288C202F373100B8B759 /* Array-Extension.swift */; };
		EC04DC0C2030459800B2C271 /* CGSize-Extenstion.swift in Sources */ = {isa = PBXBuildFile; fileRef = EC29288D202F373100B8B759 /* CGSize-Extenstion.swift */; };
		EC04DC0D203045AA00B2C271 /* UIButton-Extension.swift in Sources */ = {isa = PBXBuildFile; fileRef = EC2928F1202F401F00B8B759 /* UIButton-Extension.swift */; };
		EC04DC0E203045AA00B2C271 /* UILabel-Extension.swift in Sources */ = {isa = PBXBuildFile; fileRef = EC2928F2202F401F00B8B759 /* UILabel-Extension.swift */; };
		EC04DC0F203045AA00B2C271 /* UIApplication-Extension.swift in Sources */ = {isa = PBXBuildFile; fileRef = EC2928F3202F401F00B8B759 /* UIApplication-Extension.swift */; };
		EC04DC10203045AA00B2C271 /* UIColor-Extension.swift in Sources */ = {isa = PBXBuildFile; fileRef = EC2928F4202F401F00B8B759 /* UIColor-Extension.swift */; };
		EC04DC11203045AA00B2C271 /* UIFont-Extension.swift in Sources */ = {isa = PBXBuildFile; fileRef = EC2928F5202F401F00B8B759 /* UIFont-Extension.swift */; };
		EC04DC12203045AA00B2C271 /* UIViewController-Extension.swift in Sources */ = {isa = PBXBuildFile; fileRef = EC2928F6202F401F00B8B759 /* UIViewController-Extension.swift */; };
		EC04DC13203045AA00B2C271 /* UIView-Extension.swift in Sources */ = {isa = PBXBuildFile; fileRef = EC2928F7202F401F00B8B759 /* UIView-Extension.swift */; };
		EC04DC14203045AA00B2C271 /* UIImage-Extension.swift in Sources */ = {isa = PBXBuildFile; fileRef = EC2928F8202F401F00B8B759 /* UIImage-Extension.swift */; };
		EC04DC15203045AA00B2C271 /* UITableViewCell-Extension.swift in Sources */ = {isa = PBXBuildFile; fileRef = EC2928F9202F401F00B8B759 /* UITableViewCell-Extension.swift */; };
		EC04DC16203045AA00B2C271 /* UITableView-Extension.swift in Sources */ = {isa = PBXBuildFile; fileRef = EC2928FA202F401F00B8B759 /* UITableView-Extension.swift */; };
		EC2673391DE8DC360077F320 /* SodiumCocoa.framework in Frameworks */ = {isa = PBXBuildFile; fileRef = 05E3C6DE1CEFBDBB00BAFE1D /* SodiumCocoa.framework */; };
		EC26733C1DE8DC4E0077F320 /* SodiumCocoa.framework in Embed Frameworks */ = {isa = PBXBuildFile; fileRef = 05E3C6DE1CEFBDBB00BAFE1D /* SodiumCocoa.framework */; settings = {ATTRIBUTES = (CodeSignOnCopy, RemoveHeadersOnCopy, ); }; };
		EC272D2C202F47DE0082A167 /* NALabel.swift in Sources */ = {isa = PBXBuildFile; fileRef = EC2928DB202F3ED900B8B759 /* NALabel.swift */; };
		EC272D2D202F47DE0082A167 /* NATableViewCell.swift in Sources */ = {isa = PBXBuildFile; fileRef = EC2928DC202F3ED900B8B759 /* NATableViewCell.swift */; };
		EC272D2E202F47DE0082A167 /* NAButton.swift in Sources */ = {isa = PBXBuildFile; fileRef = EC2928DD202F3ED900B8B759 /* NAButton.swift */; };
		EC272D2F202F47DE0082A167 /* NATextField.swift in Sources */ = {isa = PBXBuildFile; fileRef = EC2928DE202F3ED900B8B759 /* NATextField.swift */; };
		EC272D30202F480F0082A167 /* SodiumCocoa-tvOS.h in Headers */ = {isa = PBXBuildFile; fileRef = EC2928D8202F3ED900B8B759 /* SodiumCocoa-tvOS.h */; };
		EC272D5B202F4E850082A167 /* Main.storyboard in Resources */ = {isa = PBXBuildFile; fileRef = EC272D5A202F4E850082A167 /* Main.storyboard */; };
		EC272D5D202F57B50082A167 /* CounterViewController.swift in Sources */ = {isa = PBXBuildFile; fileRef = EC272D5C202F57B50082A167 /* CounterViewController.swift */; };
		EC2928D3202F3C2400B8B759 /* SodiumSwift.h in Headers */ = {isa = PBXBuildFile; fileRef = EC2928B7202F3C2400B8B759 /* SodiumSwift.h */; settings = {ATTRIBUTES = (Public, ); }; };
		EC2928E2202F3ED900B8B759 /* SodiumCocoa-tvOS.h in Headers */ = {isa = PBXBuildFile; fileRef = EC2928D8202F3ED900B8B759 /* SodiumCocoa-tvOS.h */; };
		EC2928E4202F3ED900B8B759 /* NALabel.swift in Sources */ = {isa = PBXBuildFile; fileRef = EC2928DB202F3ED900B8B759 /* NALabel.swift */; };
		EC2928E5202F3ED900B8B759 /* NATableViewCell.swift in Sources */ = {isa = PBXBuildFile; fileRef = EC2928DC202F3ED900B8B759 /* NATableViewCell.swift */; };
		EC2928E6202F3ED900B8B759 /* NAButton.swift in Sources */ = {isa = PBXBuildFile; fileRef = EC2928DD202F3ED900B8B759 /* NAButton.swift */; };
		EC2928E7202F3ED900B8B759 /* NATextField.swift in Sources */ = {isa = PBXBuildFile; fileRef = EC2928DE202F3ED900B8B759 /* NATextField.swift */; };
		EC2928E8202F3ED900B8B759 /* SodiumCocoa.h in Headers */ = {isa = PBXBuildFile; fileRef = EC2928E0202F3ED900B8B759 /* SodiumCocoa.h */; settings = {ATTRIBUTES = (Public, ); }; };
		EC2E4E18203049A50054825F /* Date-Extension.swift in Sources */ = {isa = PBXBuildFile; fileRef = EC292885202F373100B8B759 /* Date-Extension.swift */; };
		EC2E4E19203049A50054825F /* Event.swift in Sources */ = {isa = PBXBuildFile; fileRef = EC292886202F373100B8B759 /* Event.swift */; };
		EC2E4E1A203049A50054825F /* URL-Extension.swift in Sources */ = {isa = PBXBuildFile; fileRef = EC292887202F373100B8B759 /* URL-Extension.swift */; };
		EC2E4E1B203049A50054825F /* Dispatch.swift in Sources */ = {isa = PBXBuildFile; fileRef = EC292888202F373100B8B759 /* Dispatch.swift */; };
		EC2E4E1C203049A50054825F /* String-Extension.swift in Sources */ = {isa = PBXBuildFile; fileRef = EC292889202F373100B8B759 /* String-Extension.swift */; };
		EC2E4E1D203049A50054825F /* Bool-Extension.swift in Sources */ = {isa = PBXBuildFile; fileRef = EC29288A202F373100B8B759 /* Bool-Extension.swift */; };
		EC2E4E1E203049A50054825F /* CGRect-Extension.swift in Sources */ = {isa = PBXBuildFile; fileRef = EC29288B202F373100B8B759 /* CGRect-Extension.swift */; };
		EC2E4E1F203049A50054825F /* Array-Extension.swift in Sources */ = {isa = PBXBuildFile; fileRef = EC29288C202F373100B8B759 /* Array-Extension.swift */; };
		EC2E4E20203049A50054825F /* CGSize-Extenstion.swift in Sources */ = {isa = PBXBuildFile; fileRef = EC29288D202F373100B8B759 /* CGSize-Extenstion.swift */; };
		EC2E4E21203049A50054825F /* UIButton-Extension.swift in Sources */ = {isa = PBXBuildFile; fileRef = EC2928F1202F401F00B8B759 /* UIButton-Extension.swift */; };
		EC2E4E22203049A50054825F /* UILabel-Extension.swift in Sources */ = {isa = PBXBuildFile; fileRef = EC2928F2202F401F00B8B759 /* UILabel-Extension.swift */; };
		EC2E4E23203049A50054825F /* UIApplication-Extension.swift in Sources */ = {isa = PBXBuildFile; fileRef = EC2928F3202F401F00B8B759 /* UIApplication-Extension.swift */; };
		EC2E4E24203049A50054825F /* UIColor-Extension.swift in Sources */ = {isa = PBXBuildFile; fileRef = EC2928F4202F401F00B8B759 /* UIColor-Extension.swift */; };
		EC2E4E25203049A50054825F /* UIFont-Extension.swift in Sources */ = {isa = PBXBuildFile; fileRef = EC2928F5202F401F00B8B759 /* UIFont-Extension.swift */; };
		EC2E4E26203049A50054825F /* UIViewController-Extension.swift in Sources */ = {isa = PBXBuildFile; fileRef = EC2928F6202F401F00B8B759 /* UIViewController-Extension.swift */; };
		EC2E4E27203049A50054825F /* UIView-Extension.swift in Sources */ = {isa = PBXBuildFile; fileRef = EC2928F7202F401F00B8B759 /* UIView-Extension.swift */; };
		EC2E4E28203049A50054825F /* UIImage-Extension.swift in Sources */ = {isa = PBXBuildFile; fileRef = EC2928F8202F401F00B8B759 /* UIImage-Extension.swift */; };
		EC2E4E29203049A50054825F /* UITableViewCell-Extension.swift in Sources */ = {isa = PBXBuildFile; fileRef = EC2928F9202F401F00B8B759 /* UITableViewCell-Extension.swift */; };
		EC2E4E2A203049A50054825F /* UITableView-Extension.swift in Sources */ = {isa = PBXBuildFile; fileRef = EC2928FA202F401F00B8B759 /* UITableView-Extension.swift */; };
		EC2E4E2B203049A50054825F /* NALabel.swift in Sources */ = {isa = PBXBuildFile; fileRef = EC2928DB202F3ED900B8B759 /* NALabel.swift */; };
		EC2E4E2C203049A50054825F /* NATableViewCell.swift in Sources */ = {isa = PBXBuildFile; fileRef = EC2928DC202F3ED900B8B759 /* NATableViewCell.swift */; };
		EC2E4E2D203049A50054825F /* NAButton.swift in Sources */ = {isa = PBXBuildFile; fileRef = EC2928DD202F3ED900B8B759 /* NAButton.swift */; };
		EC2E4E2E203049A50054825F /* NATextField.swift in Sources */ = {isa = PBXBuildFile; fileRef = EC2928DE202F3ED900B8B759 /* NATextField.swift */; };
		EC2E4E3820304B160054825F /* SodiumSwift.framework in Frameworks */ = {isa = PBXBuildFile; fileRef = EC7908D51DF869D10081B51E /* SodiumSwift.framework */; };
		EC2E4E3E20304B420054825F /* TestCommon.swift in Sources */ = {isa = PBXBuildFile; fileRef = 0576BE481CDEDEA300BACC72 /* TestCommon.swift */; };
		EC2E4E3F20304B420054825F /* SodiumTests.swift in Sources */ = {isa = PBXBuildFile; fileRef = 055B91DA1CD13D950048BC24 /* SodiumTests.swift */; };
		EC2E4E4020304B420054825F /* StreamTests.swift in Sources */ = {isa = PBXBuildFile; fileRef = 05FE4C061CDD0C3B00108F68 /* StreamTests.swift */; };
		EC2E4E4820304D2C0054825F /* SodiumCocoaTests_iOS.swift in Sources */ = {isa = PBXBuildFile; fileRef = EC2E4E4720304D2C0054825F /* SodiumCocoaTests_iOS.swift */; };
		EC2E4E4A20304D2C0054825F /* SodiumCocoa.framework in Frameworks */ = {isa = PBXBuildFile; fileRef = 05E3C6DE1CEFBDBB00BAFE1D /* SodiumCocoa.framework */; };
		EC3360841F1F5D6A00D6C3AE /* Array-Extension.swift in Sources */ = {isa = PBXBuildFile; fileRef = 05B469B41CD84FB400166473 /* Array-Extension.swift */; };
		EC3360851F1F5D6A00D6C3AE /* String-Extension.swift in Sources */ = {isa = PBXBuildFile; fileRef = 0576BE461CDD6D9F00BACC72 /* String-Extension.swift */; };
		EC3360861F1F5D6A00D6C3AE /* PriorityQueue.swift in Sources */ = {isa = PBXBuildFile; fileRef = 057C5C711CD951590013C3E3 /* PriorityQueue.swift */; };
		EC3360871F1F5D6A00D6C3AE /* Cell.swift in Sources */ = {isa = PBXBuildFile; fileRef = 055B91E51CD13DD10048BC24 /* Cell.swift */; };
		EC3360881F1F5D6A00D6C3AE /* CellLoop.swift in Sources */ = {isa = PBXBuildFile; fileRef = 055B91E81CD140150048BC24 /* CellLoop.swift */; };
		EC3360891F1F5D6A00D6C3AE /* CellSink.swift in Sources */ = {isa = PBXBuildFile; fileRef = 055B91E91CD140150048BC24 /* CellSink.swift */; };
		EC33608A1F1F5D6A00D6C3AE /* CoalesceHandler.swift in Sources */ = {isa = PBXBuildFile; fileRef = 055B91EA1CD140150048BC24 /* CoalesceHandler.swift */; };
		EC33608B1F1F5D6A00D6C3AE /* CompositeListener.swift in Sources */ = {isa = PBXBuildFile; fileRef = 055B91EB1CD140150048BC24 /* CompositeListener.swift */; };
		EC33608C1F1F5D6A00D6C3AE /* IKeepListenersAlive.swift in Sources */ = {isa = PBXBuildFile; fileRef = 055B91EC1CD140150048BC24 /* IKeepListenersAlive.swift */; };
		EC33608D1F1F5D6A00D6C3AE /* ListenerType.swift in Sources */ = {isa = PBXBuildFile; fileRef = 055B91ED1CD140150048BC24 /* ListenerType.swift */; };
		EC33608E1F1F5D6A00D6C3AE /* Lazy.swift in Sources */ = {isa = PBXBuildFile; fileRef = 057C5C731CDA76DC0013C3E3 /* Lazy.swift */; };
		EC33608F1F1F5D6A00D6C3AE /* LazyCell.swift in Sources */ = {isa = PBXBuildFile; fileRef = 055B91F01CD140150048BC24 /* LazyCell.swift */; };
		EC3360901F1F5D6A00D6C3AE /* Listener.swift in Sources */ = {isa = PBXBuildFile; fileRef = 055B91F21CD140150048BC24 /* Listener.swift */; };
		EC3360911F1F5D6A00D6C3AE /* Memory.swift in Sources */ = {isa = PBXBuildFile; fileRef = 05E3C6F21CEFE24900BAFE1D /* Memory.swift */; };
		EC3360921F1F5D6A00D6C3AE /* Node.swift in Sources */ = {isa = PBXBuildFile; fileRef = 055B91F61CD140150048BC24 /* Node.swift */; };
		EC3360931F1F5D6A00D6C3AE /* Operational.swift in Sources */ = {isa = PBXBuildFile; fileRef = 055B91F71CD140150048BC24 /* Operational.swift */; };
		EC3360941F1F5D6A00D6C3AE /* Stream.swift in Sources */ = {isa = PBXBuildFile; fileRef = 055B92091CD140280048BC24 /* Stream.swift */; };
		EC3360951F1F5D6A00D6C3AE /* StreamLoop.swift in Sources */ = {isa = PBXBuildFile; fileRef = 055B920B1CD140280048BC24 /* StreamLoop.swift */; };
		EC3360961F1F5D6A00D6C3AE /* StreamSink.swift in Sources */ = {isa = PBXBuildFile; fileRef = 055B920C1CD140280048BC24 /* StreamSink.swift */; };
		EC3360971F1F5D6A00D6C3AE /* Transaction.swift in Sources */ = {isa = PBXBuildFile; fileRef = 055B92111CD140360048BC24 /* Transaction.swift */; };
		EC3360981F1F5D6A00D6C3AE /* Unit.swift in Sources */ = {isa = PBXBuildFile; fileRef = 055B92121CD140360048BC24 /* Unit.swift */; };
		EC7908DD1DF86A090081B51E /* Array-Extension.swift in Sources */ = {isa = PBXBuildFile; fileRef = 05B469B41CD84FB400166473 /* Array-Extension.swift */; };
		EC7908DE1DF86A090081B51E /* String-Extension.swift in Sources */ = {isa = PBXBuildFile; fileRef = 0576BE461CDD6D9F00BACC72 /* String-Extension.swift */; };
		EC7908DF1DF86A090081B51E /* PriorityQueue.swift in Sources */ = {isa = PBXBuildFile; fileRef = 057C5C711CD951590013C3E3 /* PriorityQueue.swift */; };
		EC7908E01DF86A090081B51E /* Cell.swift in Sources */ = {isa = PBXBuildFile; fileRef = 055B91E51CD13DD10048BC24 /* Cell.swift */; };
		EC7908E11DF86A090081B51E /* CellLoop.swift in Sources */ = {isa = PBXBuildFile; fileRef = 055B91E81CD140150048BC24 /* CellLoop.swift */; };
		EC7908E21DF86A090081B51E /* CellSink.swift in Sources */ = {isa = PBXBuildFile; fileRef = 055B91E91CD140150048BC24 /* CellSink.swift */; };
		EC7908E31DF86A090081B51E /* CoalesceHandler.swift in Sources */ = {isa = PBXBuildFile; fileRef = 055B91EA1CD140150048BC24 /* CoalesceHandler.swift */; };
		EC7908E41DF86A090081B51E /* CompositeListener.swift in Sources */ = {isa = PBXBuildFile; fileRef = 055B91EB1CD140150048BC24 /* CompositeListener.swift */; };
		EC7908E51DF86A090081B51E /* IKeepListenersAlive.swift in Sources */ = {isa = PBXBuildFile; fileRef = 055B91EC1CD140150048BC24 /* IKeepListenersAlive.swift */; };
		EC7908E61DF86A090081B51E /* ListenerType.swift in Sources */ = {isa = PBXBuildFile; fileRef = 055B91ED1CD140150048BC24 /* ListenerType.swift */; };
		EC7908E71DF86A090081B51E /* Lazy.swift in Sources */ = {isa = PBXBuildFile; fileRef = 057C5C731CDA76DC0013C3E3 /* Lazy.swift */; };
		EC7908E81DF86A090081B51E /* LazyCell.swift in Sources */ = {isa = PBXBuildFile; fileRef = 055B91F01CD140150048BC24 /* LazyCell.swift */; };
		EC7908E91DF86A090081B51E /* Listener.swift in Sources */ = {isa = PBXBuildFile; fileRef = 055B91F21CD140150048BC24 /* Listener.swift */; };
		EC7908EA1DF86A090081B51E /* Memory.swift in Sources */ = {isa = PBXBuildFile; fileRef = 05E3C6F21CEFE24900BAFE1D /* Memory.swift */; };
		EC7908EB1DF86A090081B51E /* Node.swift in Sources */ = {isa = PBXBuildFile; fileRef = 055B91F61CD140150048BC24 /* Node.swift */; };
		EC7908EC1DF86A090081B51E /* Operational.swift in Sources */ = {isa = PBXBuildFile; fileRef = 055B91F71CD140150048BC24 /* Operational.swift */; };
		EC7908ED1DF86A090081B51E /* Stream.swift in Sources */ = {isa = PBXBuildFile; fileRef = 055B92091CD140280048BC24 /* Stream.swift */; };
		EC7908EE1DF86A090081B51E /* StreamLoop.swift in Sources */ = {isa = PBXBuildFile; fileRef = 055B920B1CD140280048BC24 /* StreamLoop.swift */; };
		EC7908EF1DF86A090081B51E /* StreamSink.swift in Sources */ = {isa = PBXBuildFile; fileRef = 055B920C1CD140280048BC24 /* StreamSink.swift */; };
		EC7908F01DF86A090081B51E /* Transaction.swift in Sources */ = {isa = PBXBuildFile; fileRef = 055B92111CD140360048BC24 /* Transaction.swift */; };
		EC7908F11DF86A090081B51E /* Unit.swift in Sources */ = {isa = PBXBuildFile; fileRef = 055B92121CD140360048BC24 /* Unit.swift */; };
		ECB2453D202F9B980070EA3E /* RootTableViewController.swift in Sources */ = {isa = PBXBuildFile; fileRef = ECB2453C202F9B980070EA3E /* RootTableViewController.swift */; };
/* End PBXBuildFile section */

/* Begin PBXContainerItemProxy section */
		EC2673221DE8D8170077F320 /* PBXContainerItemProxy */ = {
			isa = PBXContainerItemProxy;
			containerPortal = 055B91C21CD13D940048BC24 /* Project object */;
			proxyType = 1;
			remoteGlobalIDString = 05E3C6DD1CEFBDBB00BAFE1D;
			remoteInfo = SodiumCocoa;
		};
		EC2E4E3920304B160054825F /* PBXContainerItemProxy */ = {
			isa = PBXContainerItemProxy;
			containerPortal = 055B91C21CD13D940048BC24 /* Project object */;
			proxyType = 1;
			remoteGlobalIDString = EC7908D41DF869D10081B51E;
			remoteInfo = SodiumSwift;
		};
		EC2E4E4B20304D2C0054825F /* PBXContainerItemProxy */ = {
			isa = PBXContainerItemProxy;
			containerPortal = 055B91C21CD13D940048BC24 /* Project object */;
			proxyType = 1;
			remoteGlobalIDString = 05E3C6DD1CEFBDBB00BAFE1D;
			remoteInfo = SodiumCocoa;
		};
/* End PBXContainerItemProxy section */

/* Begin PBXCopyFilesBuildPhase section */
		EC26731F1DE8D8080077F320 /* Embed Frameworks */ = {
			isa = PBXCopyFilesBuildPhase;
			buildActionMask = 8;
			dstPath = "";
			dstSubfolderSpec = 10;
			files = (
				EC26733C1DE8DC4E0077F320 /* SodiumCocoa.framework in Embed Frameworks */,
			);
			name = "Embed Frameworks";
			runOnlyForDeploymentPostprocessing = 1;
		};
/* End PBXCopyFilesBuildPhase section */

/* Begin PBXFileReference section */
		055B91DA1CD13D950048BC24 /* SodiumTests.swift */ = {isa = PBXFileReference; lastKnownFileType = sourcecode.swift; path = SodiumTests.swift; sourceTree = "<group>"; };
		055B91E51CD13DD10048BC24 /* Cell.swift */ = {isa = PBXFileReference; fileEncoding = 4; lastKnownFileType = sourcecode.swift; path = Cell.swift; sourceTree = "<group>"; };
		055B91E81CD140150048BC24 /* CellLoop.swift */ = {isa = PBXFileReference; fileEncoding = 4; lastKnownFileType = sourcecode.swift; path = CellLoop.swift; sourceTree = "<group>"; };
		055B91E91CD140150048BC24 /* CellSink.swift */ = {isa = PBXFileReference; fileEncoding = 4; lastKnownFileType = sourcecode.swift; path = CellSink.swift; sourceTree = "<group>"; };
		055B91EA1CD140150048BC24 /* CoalesceHandler.swift */ = {isa = PBXFileReference; fileEncoding = 4; lastKnownFileType = sourcecode.swift; path = CoalesceHandler.swift; sourceTree = "<group>"; };
		055B91EB1CD140150048BC24 /* CompositeListener.swift */ = {isa = PBXFileReference; fileEncoding = 4; lastKnownFileType = sourcecode.swift; path = CompositeListener.swift; sourceTree = "<group>"; };
		055B91EC1CD140150048BC24 /* IKeepListenersAlive.swift */ = {isa = PBXFileReference; fileEncoding = 4; lastKnownFileType = sourcecode.swift; path = IKeepListenersAlive.swift; sourceTree = "<group>"; };
		055B91ED1CD140150048BC24 /* ListenerType.swift */ = {isa = PBXFileReference; fileEncoding = 4; lastKnownFileType = sourcecode.swift; path = ListenerType.swift; sourceTree = "<group>"; };
		055B91F01CD140150048BC24 /* LazyCell.swift */ = {isa = PBXFileReference; fileEncoding = 4; lastKnownFileType = sourcecode.swift; path = LazyCell.swift; sourceTree = "<group>"; };
		055B91F21CD140150048BC24 /* Listener.swift */ = {isa = PBXFileReference; fileEncoding = 4; lastKnownFileType = sourcecode.swift; path = Listener.swift; sourceTree = "<group>"; };
		055B91F61CD140150048BC24 /* Node.swift */ = {isa = PBXFileReference; fileEncoding = 4; lastKnownFileType = sourcecode.swift; path = Node.swift; sourceTree = "<group>"; };
		055B91F71CD140150048BC24 /* Operational.swift */ = {isa = PBXFileReference; fileEncoding = 4; lastKnownFileType = sourcecode.swift; path = Operational.swift; sourceTree = "<group>"; };
		055B92091CD140280048BC24 /* Stream.swift */ = {isa = PBXFileReference; fileEncoding = 4; lastKnownFileType = sourcecode.swift; path = Stream.swift; sourceTree = "<group>"; };
		055B920B1CD140280048BC24 /* StreamLoop.swift */ = {isa = PBXFileReference; fileEncoding = 4; lastKnownFileType = sourcecode.swift; path = StreamLoop.swift; sourceTree = "<group>"; };
		055B920C1CD140280048BC24 /* StreamSink.swift */ = {isa = PBXFileReference; fileEncoding = 4; lastKnownFileType = sourcecode.swift; path = StreamSink.swift; sourceTree = "<group>"; };
		055B92111CD140360048BC24 /* Transaction.swift */ = {isa = PBXFileReference; fileEncoding = 4; lastKnownFileType = sourcecode.swift; path = Transaction.swift; sourceTree = "<group>"; };
		055B92121CD140360048BC24 /* Unit.swift */ = {isa = PBXFileReference; fileEncoding = 4; lastKnownFileType = sourcecode.swift; path = Unit.swift; sourceTree = "<group>"; };
		0576BE461CDD6D9F00BACC72 /* String-Extension.swift */ = {isa = PBXFileReference; fileEncoding = 4; lastKnownFileType = sourcecode.swift; path = "String-Extension.swift"; sourceTree = "<group>"; };
		0576BE481CDEDEA300BACC72 /* TestCommon.swift */ = {isa = PBXFileReference; fileEncoding = 4; lastKnownFileType = sourcecode.swift; path = TestCommon.swift; sourceTree = "<group>"; };
		057C5C711CD951590013C3E3 /* PriorityQueue.swift */ = {isa = PBXFileReference; fileEncoding = 4; lastKnownFileType = sourcecode.swift; path = PriorityQueue.swift; sourceTree = "<group>"; };
		057C5C731CDA76DC0013C3E3 /* Lazy.swift */ = {isa = PBXFileReference; fileEncoding = 4; lastKnownFileType = sourcecode.swift; path = Lazy.swift; sourceTree = "<group>"; };
		05B469B41CD84FB400166473 /* Array-Extension.swift */ = {isa = PBXFileReference; fileEncoding = 4; lastKnownFileType = sourcecode.swift; path = "Array-Extension.swift"; sourceTree = "<group>"; };
		05C680E61CFE205F00B41A45 /* Example22.swift */ = {isa = PBXFileReference; fileEncoding = 4; lastKnownFileType = sourcecode.swift; path = Example22.swift; sourceTree = "<group>"; };
		05DB911B1CEE7923006A7678 /* COPYING */ = {isa = PBXFileReference; fileEncoding = 4; lastKnownFileType = text; path = COPYING; sourceTree = "<group>"; };
		05E150421CFF9C6F008AB9B3 /* Example24.swift */ = {isa = PBXFileReference; fileEncoding = 4; lastKnownFileType = sourcecode.swift; path = Example24.swift; sourceTree = "<group>"; };
		05E3C6C51CEFBD1B00BAFE1D /* SodiumExamples.app */ = {isa = PBXFileReference; explicitFileType = wrapper.application; includeInIndex = 0; path = SodiumExamples.app; sourceTree = BUILT_PRODUCTS_DIR; };
		05E3C6C71CEFBD1B00BAFE1D /* AppDelegate.swift */ = {isa = PBXFileReference; lastKnownFileType = sourcecode.swift; path = AppDelegate.swift; sourceTree = "<group>"; };
		05E3C6C91CEFBD1B00BAFE1D /* FirstViewController.swift */ = {isa = PBXFileReference; lastKnownFileType = sourcecode.swift; path = FirstViewController.swift; sourceTree = "<group>"; };
		05E3C6CB1CEFBD1B00BAFE1D /* SecondViewController.swift */ = {isa = PBXFileReference; lastKnownFileType = sourcecode.swift; path = SecondViewController.swift; sourceTree = "<group>"; };
		05E3C6D01CEFBD1B00BAFE1D /* Assets.xcassets */ = {isa = PBXFileReference; lastKnownFileType = folder.assetcatalog; path = Assets.xcassets; sourceTree = "<group>"; };
		05E3C6D31CEFBD1B00BAFE1D /* Base */ = {isa = PBXFileReference; lastKnownFileType = file.storyboard; name = Base; path = Base.lproj/LaunchScreen.storyboard; sourceTree = "<group>"; };
		05E3C6D51CEFBD1B00BAFE1D /* Info.plist */ = {isa = PBXFileReference; lastKnownFileType = text.plist.xml; path = Info.plist; sourceTree = "<group>"; };
		05E3C6DE1CEFBDBB00BAFE1D /* SodiumCocoa.framework */ = {isa = PBXFileReference; explicitFileType = wrapper.framework; includeInIndex = 0; path = SodiumCocoa.framework; sourceTree = BUILT_PRODUCTS_DIR; };
		05E3C6F01CEFD26A00BAFE1D /* Example2.1.swift */ = {isa = PBXFileReference; fileEncoding = 4; lastKnownFileType = sourcecode.swift; path = Example2.1.swift; sourceTree = "<group>"; };
		05E3C6F21CEFE24900BAFE1D /* Memory.swift */ = {isa = PBXFileReference; fileEncoding = 4; lastKnownFileType = sourcecode.swift; path = Memory.swift; sourceTree = "<group>"; };
		05FE4C061CDD0C3B00108F68 /* StreamTests.swift */ = {isa = PBXFileReference; fileEncoding = 4; lastKnownFileType = sourcecode.swift; path = StreamTests.swift; sourceTree = "<group>"; };
		EC272D5A202F4E850082A167 /* Main.storyboard */ = {isa = PBXFileReference; lastKnownFileType = file.storyboard; name = Main.storyboard; path = Base.lproj/Main.storyboard; sourceTree = "<group>"; };
		EC272D5C202F57B50082A167 /* CounterViewController.swift */ = {isa = PBXFileReference; lastKnownFileType = sourcecode.swift; path = CounterViewController.swift; sourceTree = "<group>"; };
		EC2890111F16227E000FB227 /* SodiumSwift.framework */ = {isa = PBXFileReference; explicitFileType = wrapper.framework; includeInIndex = 0; path = SodiumSwift.framework; sourceTree = BUILT_PRODUCTS_DIR; };
		EC2890251F1624BE000FB227 /* SodiumCocoa.framework */ = {isa = PBXFileReference; explicitFileType = wrapper.framework; includeInIndex = 0; path = SodiumCocoa.framework; sourceTree = BUILT_PRODUCTS_DIR; };
		EC292885202F373100B8B759 /* Date-Extension.swift */ = {isa = PBXFileReference; fileEncoding = 4; lastKnownFileType = sourcecode.swift; path = "Date-Extension.swift"; sourceTree = "<group>"; };
		EC292886202F373100B8B759 /* Event.swift */ = {isa = PBXFileReference; fileEncoding = 4; lastKnownFileType = sourcecode.swift; path = Event.swift; sourceTree = "<group>"; };
		EC292887202F373100B8B759 /* URL-Extension.swift */ = {isa = PBXFileReference; fileEncoding = 4; lastKnownFileType = sourcecode.swift; path = "URL-Extension.swift"; sourceTree = "<group>"; };
		EC292888202F373100B8B759 /* Dispatch.swift */ = {isa = PBXFileReference; fileEncoding = 4; lastKnownFileType = sourcecode.swift; path = Dispatch.swift; sourceTree = "<group>"; };
		EC292889202F373100B8B759 /* String-Extension.swift */ = {isa = PBXFileReference; fileEncoding = 4; lastKnownFileType = sourcecode.swift; path = "String-Extension.swift"; sourceTree = "<group>"; };
		EC29288A202F373100B8B759 /* Bool-Extension.swift */ = {isa = PBXFileReference; fileEncoding = 4; lastKnownFileType = sourcecode.swift; path = "Bool-Extension.swift"; sourceTree = "<group>"; };
		EC29288B202F373100B8B759 /* CGRect-Extension.swift */ = {isa = PBXFileReference; fileEncoding = 4; lastKnownFileType = sourcecode.swift; path = "CGRect-Extension.swift"; sourceTree = "<group>"; };
		EC29288C202F373100B8B759 /* Array-Extension.swift */ = {isa = PBXFileReference; fileEncoding = 4; lastKnownFileType = sourcecode.swift; path = "Array-Extension.swift"; sourceTree = "<group>"; };
		EC29288D202F373100B8B759 /* CGSize-Extenstion.swift */ = {isa = PBXFileReference; fileEncoding = 4; lastKnownFileType = sourcecode.swift; path = "CGSize-Extenstion.swift"; sourceTree = "<group>"; };
		EC29289A202F3C2400B8B759 /* SodiumSwift-macOS.h */ = {isa = PBXFileReference; fileEncoding = 4; lastKnownFileType = sourcecode.c.h; path = "SodiumSwift-macOS.h"; sourceTree = "<group>"; };
		EC29289B202F3C2400B8B759 /* Info.plist */ = {isa = PBXFileReference; fileEncoding = 4; lastKnownFileType = text.plist.xml; path = Info.plist; sourceTree = "<group>"; };
		EC2928B4202F3C2400B8B759 /* SodiumSwift.h */ = {isa = PBXFileReference; fileEncoding = 4; lastKnownFileType = sourcecode.c.h; path = SodiumSwift.h; sourceTree = "<group>"; };
		EC2928B5202F3C2400B8B759 /* Info.plist */ = {isa = PBXFileReference; fileEncoding = 4; lastKnownFileType = text.plist.xml; path = Info.plist; sourceTree = "<group>"; };
		EC2928B7202F3C2400B8B759 /* SodiumSwift.h */ = {isa = PBXFileReference; fileEncoding = 4; lastKnownFileType = sourcecode.c.h; path = SodiumSwift.h; sourceTree = "<group>"; };
		EC2928B8202F3C2400B8B759 /* Info.plist */ = {isa = PBXFileReference; fileEncoding = 4; lastKnownFileType = text.plist.xml; path = Info.plist; sourceTree = "<group>"; };
		EC2928D8202F3ED900B8B759 /* SodiumCocoa-tvOS.h */ = {isa = PBXFileReference; fileEncoding = 4; lastKnownFileType = sourcecode.c.h; path = "SodiumCocoa-tvOS.h"; sourceTree = "<group>"; };
		EC2928D9202F3ED900B8B759 /* Info.plist */ = {isa = PBXFileReference; fileEncoding = 4; lastKnownFileType = text.plist.xml; path = Info.plist; sourceTree = "<group>"; };
		EC2928DB202F3ED900B8B759 /* NALabel.swift */ = {isa = PBXFileReference; fileEncoding = 4; lastKnownFileType = sourcecode.swift; path = NALabel.swift; sourceTree = "<group>"; };
		EC2928DC202F3ED900B8B759 /* NATableViewCell.swift */ = {isa = PBXFileReference; fileEncoding = 4; lastKnownFileType = sourcecode.swift; path = NATableViewCell.swift; sourceTree = "<group>"; };
		EC2928DD202F3ED900B8B759 /* NAButton.swift */ = {isa = PBXFileReference; fileEncoding = 4; lastKnownFileType = sourcecode.swift; path = NAButton.swift; sourceTree = "<group>"; };
		EC2928DE202F3ED900B8B759 /* NATextField.swift */ = {isa = PBXFileReference; fileEncoding = 4; lastKnownFileType = sourcecode.swift; path = NATextField.swift; sourceTree = "<group>"; };
		EC2928E0202F3ED900B8B759 /* SodiumCocoa.h */ = {isa = PBXFileReference; fileEncoding = 4; lastKnownFileType = sourcecode.c.h; path = SodiumCocoa.h; sourceTree = "<group>"; };
		EC2928E1202F3ED900B8B759 /* Info.plist */ = {isa = PBXFileReference; fileEncoding = 4; lastKnownFileType = text.plist.xml; path = Info.plist; sourceTree = "<group>"; };
		EC2928F1202F401F00B8B759 /* UIButton-Extension.swift */ = {isa = PBXFileReference; fileEncoding = 4; lastKnownFileType = sourcecode.swift; path = "UIButton-Extension.swift"; sourceTree = "<group>"; };
		EC2928F2202F401F00B8B759 /* UILabel-Extension.swift */ = {isa = PBXFileReference; fileEncoding = 4; lastKnownFileType = sourcecode.swift; path = "UILabel-Extension.swift"; sourceTree = "<group>"; };
		EC2928F3202F401F00B8B759 /* UIApplication-Extension.swift */ = {isa = PBXFileReference; fileEncoding = 4; lastKnownFileType = sourcecode.swift; path = "UIApplication-Extension.swift"; sourceTree = "<group>"; };
		EC2928F4202F401F00B8B759 /* UIColor-Extension.swift */ = {isa = PBXFileReference; fileEncoding = 4; lastKnownFileType = sourcecode.swift; path = "UIColor-Extension.swift"; sourceTree = "<group>"; };
		EC2928F5202F401F00B8B759 /* UIFont-Extension.swift */ = {isa = PBXFileReference; fileEncoding = 4; lastKnownFileType = sourcecode.swift; path = "UIFont-Extension.swift"; sourceTree = "<group>"; };
		EC2928F6202F401F00B8B759 /* UIViewController-Extension.swift */ = {isa = PBXFileReference; fileEncoding = 4; lastKnownFileType = sourcecode.swift; path = "UIViewController-Extension.swift"; sourceTree = "<group>"; };
		EC2928F7202F401F00B8B759 /* UIView-Extension.swift */ = {isa = PBXFileReference; fileEncoding = 4; lastKnownFileType = sourcecode.swift; path = "UIView-Extension.swift"; sourceTree = "<group>"; };
		EC2928F8202F401F00B8B759 /* UIImage-Extension.swift */ = {isa = PBXFileReference; fileEncoding = 4; lastKnownFileType = sourcecode.swift; path = "UIImage-Extension.swift"; sourceTree = "<group>"; };
		EC2928F9202F401F00B8B759 /* UITableViewCell-Extension.swift */ = {isa = PBXFileReference; fileEncoding = 4; lastKnownFileType = sourcecode.swift; path = "UITableViewCell-Extension.swift"; sourceTree = "<group>"; };
		EC2928FA202F401F00B8B759 /* UITableView-Extension.swift */ = {isa = PBXFileReference; fileEncoding = 4; lastKnownFileType = sourcecode.swift; path = "UITableView-Extension.swift"; sourceTree = "<group>"; };
		EC2E4E3320304B160054825F /* SodiumSwiftTests-iOS.xctest */ = {isa = PBXFileReference; explicitFileType = wrapper.cfbundle; includeInIndex = 0; path = "SodiumSwiftTests-iOS.xctest"; sourceTree = BUILT_PRODUCTS_DIR; };
		EC2E4E3720304B160054825F /* Info.plist */ = {isa = PBXFileReference; lastKnownFileType = text.plist.xml; path = Info.plist; sourceTree = "<group>"; };
		EC2E4E4520304D2C0054825F /* SodiumCocoaTests-iOS.xctest */ = {isa = PBXFileReference; explicitFileType = wrapper.cfbundle; includeInIndex = 0; path = "SodiumCocoaTests-iOS.xctest"; sourceTree = BUILT_PRODUCTS_DIR; };
		EC2E4E4720304D2C0054825F /* SodiumCocoaTests_iOS.swift */ = {isa = PBXFileReference; lastKnownFileType = sourcecode.swift; path = SodiumCocoaTests_iOS.swift; sourceTree = "<group>"; };
		EC2E4E4920304D2C0054825F /* Info.plist */ = {isa = PBXFileReference; lastKnownFileType = text.plist.xml; path = Info.plist; sourceTree = "<group>"; };
		EC3360A01F1F5D6A00D6C3AE /* SodiumSwift.framework */ = {isa = PBXFileReference; explicitFileType = wrapper.framework; includeInIndex = 0; path = SodiumSwift.framework; sourceTree = BUILT_PRODUCTS_DIR; };
		EC7908D51DF869D10081B51E /* SodiumSwift.framework */ = {isa = PBXFileReference; explicitFileType = wrapper.framework; includeInIndex = 0; path = SodiumSwift.framework; sourceTree = BUILT_PRODUCTS_DIR; };
		ECB2453C202F9B980070EA3E /* RootTableViewController.swift */ = {isa = PBXFileReference; lastKnownFileType = sourcecode.swift; path = RootTableViewController.swift; sourceTree = "<group>"; };
/* End PBXFileReference section */

/* Begin PBXFrameworksBuildPhase section */
		05E3C6C21CEFBD1B00BAFE1D /* Frameworks */ = {
			isa = PBXFrameworksBuildPhase;
			buildActionMask = 2147483647;
			files = (
				EC2673391DE8DC360077F320 /* SodiumCocoa.framework in Frameworks */,
			);
			runOnlyForDeploymentPostprocessing = 0;
		};
		05E3C6DA1CEFBDBB00BAFE1D /* Frameworks */ = {
			isa = PBXFrameworksBuildPhase;
			buildActionMask = 2147483647;
			files = (
			);
			runOnlyForDeploymentPostprocessing = 0;
		};
		EC28900A1F16227E000FB227 /* Frameworks */ = {
			isa = PBXFrameworksBuildPhase;
			buildActionMask = 2147483647;
			files = (
			);
			runOnlyForDeploymentPostprocessing = 0;
		};
		EC28901C1F1624BE000FB227 /* Frameworks */ = {
			isa = PBXFrameworksBuildPhase;
			buildActionMask = 2147483647;
			files = (
			);
			runOnlyForDeploymentPostprocessing = 0;
		};
		EC2E4E3020304B160054825F /* Frameworks */ = {
			isa = PBXFrameworksBuildPhase;
			buildActionMask = 2147483647;
			files = (
				EC2E4E3820304B160054825F /* SodiumSwift.framework in Frameworks */,
			);
			runOnlyForDeploymentPostprocessing = 0;
		};
		EC2E4E4220304D2C0054825F /* Frameworks */ = {
			isa = PBXFrameworksBuildPhase;
			buildActionMask = 2147483647;
			files = (
				EC2E4E4A20304D2C0054825F /* SodiumCocoa.framework in Frameworks */,
			);
			runOnlyForDeploymentPostprocessing = 0;
		};
		EC3360991F1F5D6A00D6C3AE /* Frameworks */ = {
			isa = PBXFrameworksBuildPhase;
			buildActionMask = 2147483647;
			files = (
			);
			runOnlyForDeploymentPostprocessing = 0;
		};
		EC7908D11DF869D10081B51E /* Frameworks */ = {
			isa = PBXFrameworksBuildPhase;
			buildActionMask = 2147483647;
			files = (
			);
			runOnlyForDeploymentPostprocessing = 0;
		};
/* End PBXFrameworksBuildPhase section */

/* Begin PBXGroup section */
		055B91C11CD13D940048BC24 = {
			isa = PBXGroup;
			children = (
				05E3C6DF1CEFBDBB00BAFE1D /* SodiumCocoa */,
				EC7908D61DF869D10081B51E /* SodiumSwift */,
				05E3C6C61CEFBD1B00BAFE1D /* SodiumExamples */,
				EC2E4E3420304B160054825F /* SodiumSwiftTests-iOS */,
				EC2E4E4620304D2C0054825F /* SodiumCocoaTests-iOS */,
				055B91CC1CD13D940048BC24 /* Products */,
			);
			sourceTree = "<group>";
		};
		055B91CC1CD13D940048BC24 /* Products */ = {
			isa = PBXGroup;
			children = (
				05E3C6C51CEFBD1B00BAFE1D /* SodiumExamples.app */,
				05E3C6DE1CEFBDBB00BAFE1D /* SodiumCocoa.framework */,
				EC7908D51DF869D10081B51E /* SodiumSwift.framework */,
				EC2890111F16227E000FB227 /* SodiumSwift.framework */,
				EC2890251F1624BE000FB227 /* SodiumCocoa.framework */,
				EC3360A01F1F5D6A00D6C3AE /* SodiumSwift.framework */,
				EC2E4E3320304B160054825F /* SodiumSwiftTests-iOS.xctest */,
				EC2E4E4520304D2C0054825F /* SodiumCocoaTests-iOS.xctest */,
			);
			name = Products;
			sourceTree = "<group>";
		};
		055B91CD1CD13D940048BC24 /* Sources */ = {
			isa = PBXGroup;
			children = (
				05DB911B1CEE7923006A7678 /* COPYING */,
				057C5C701CD9514A0013C3E3 /* Common */,
				055B91E51CD13DD10048BC24 /* Cell.swift */,
				055B91E81CD140150048BC24 /* CellLoop.swift */,
				055B91E91CD140150048BC24 /* CellSink.swift */,
				055B91EA1CD140150048BC24 /* CoalesceHandler.swift */,
				055B91EB1CD140150048BC24 /* CompositeListener.swift */,
				055B91EC1CD140150048BC24 /* IKeepListenersAlive.swift */,
				055B91ED1CD140150048BC24 /* ListenerType.swift */,
				057C5C731CDA76DC0013C3E3 /* Lazy.swift */,
				055B91F01CD140150048BC24 /* LazyCell.swift */,
				055B91F21CD140150048BC24 /* Listener.swift */,
				05E3C6F21CEFE24900BAFE1D /* Memory.swift */,
				055B91F61CD140150048BC24 /* Node.swift */,
				055B91F71CD140150048BC24 /* Operational.swift */,
				055B92091CD140280048BC24 /* Stream.swift */,
				055B920B1CD140280048BC24 /* StreamLoop.swift */,
				055B920C1CD140280048BC24 /* StreamSink.swift */,
				055B92111CD140360048BC24 /* Transaction.swift */,
				055B92121CD140360048BC24 /* Unit.swift */,
			);
			path = Sources;
			sourceTree = "<group>";
		};
		057C5C701CD9514A0013C3E3 /* Common */ = {
			isa = PBXGroup;
			children = (
				05B469B41CD84FB400166473 /* Array-Extension.swift */,
				0576BE461CDD6D9F00BACC72 /* String-Extension.swift */,
				057C5C711CD951590013C3E3 /* PriorityQueue.swift */,
			);
			name = Common;
			sourceTree = "<group>";
		};
		05E3C6C61CEFBD1B00BAFE1D /* SodiumExamples */ = {
			isa = PBXGroup;
			children = (
				05E3C6C71CEFBD1B00BAFE1D /* AppDelegate.swift */,
				05E3C6C91CEFBD1B00BAFE1D /* FirstViewController.swift */,
				05E3C6CB1CEFBD1B00BAFE1D /* SecondViewController.swift */,
				05E3C6D01CEFBD1B00BAFE1D /* Assets.xcassets */,
				05E3C6D21CEFBD1B00BAFE1D /* LaunchScreen.storyboard */,
				EC272D5A202F4E850082A167 /* Main.storyboard */,
				05E3C6D51CEFBD1B00BAFE1D /* Info.plist */,
				05E3C6F01CEFD26A00BAFE1D /* Example2.1.swift */,
				05C680E61CFE205F00B41A45 /* Example22.swift */,
				05E150421CFF9C6F008AB9B3 /* Example24.swift */,
				EC272D5C202F57B50082A167 /* CounterViewController.swift */,
				ECB2453C202F9B980070EA3E /* RootTableViewController.swift */,
			);
			path = SodiumExamples;
			sourceTree = "<group>";
		};
		05E3C6DF1CEFBDBB00BAFE1D /* SodiumCocoa */ = {
			isa = PBXGroup;
			children = (
				EC2928DF202F3ED900B8B759 /* iOS */,
				EC2928DA202F3ED900B8B759 /* Sources */,
				EC2928D7202F3ED900B8B759 /* tvOS */,
			);
			path = SodiumCocoa;
			sourceTree = "<group>";
		};
		EC292883202F334D00B8B759 /* SwiftCommon */ = {
			isa = PBXGroup;
			children = (
				EC292885202F373100B8B759 /* Date-Extension.swift */,
				EC292886202F373100B8B759 /* Event.swift */,
				EC292887202F373100B8B759 /* URL-Extension.swift */,
				EC292888202F373100B8B759 /* Dispatch.swift */,
				EC292889202F373100B8B759 /* String-Extension.swift */,
				EC29288A202F373100B8B759 /* Bool-Extension.swift */,
				EC29288B202F373100B8B759 /* CGRect-Extension.swift */,
				EC29288C202F373100B8B759 /* Array-Extension.swift */,
				EC29288D202F373100B8B759 /* CGSize-Extenstion.swift */,
			);
			path = SwiftCommon;
			sourceTree = "<group>";
		};
		EC292899202F3C2400B8B759 /* macOS */ = {
			isa = PBXGroup;
			children = (
				EC29289A202F3C2400B8B759 /* SodiumSwift-macOS.h */,
				EC29289B202F3C2400B8B759 /* Info.plist */,
			);
			path = macOS;
			sourceTree = "<group>";
		};
		EC2928B3202F3C2400B8B759 /* tvOS */ = {
			isa = PBXGroup;
			children = (
				EC2928B4202F3C2400B8B759 /* SodiumSwift.h */,
				EC2928B5202F3C2400B8B759 /* Info.plist */,
			);
			path = tvOS;
			sourceTree = "<group>";
		};
		EC2928B6202F3C2400B8B759 /* iOS */ = {
			isa = PBXGroup;
			children = (
				EC2928B7202F3C2400B8B759 /* SodiumSwift.h */,
				EC2928B8202F3C2400B8B759 /* Info.plist */,
			);
			path = iOS;
			sourceTree = "<group>";
		};
		EC2928D7202F3ED900B8B759 /* tvOS */ = {
			isa = PBXGroup;
			children = (
				EC2928D8202F3ED900B8B759 /* SodiumCocoa-tvOS.h */,
				EC2928D9202F3ED900B8B759 /* Info.plist */,
			);
			path = tvOS;
			sourceTree = "<group>";
		};
		EC2928DA202F3ED900B8B759 /* Sources */ = {
			isa = PBXGroup;
			children = (
				EC292883202F334D00B8B759 /* SwiftCommon */,
				EC7908B51DF866800081B51E /* SwiftCommonIOS */,
				EC2928DB202F3ED900B8B759 /* NALabel.swift */,
				EC2928DC202F3ED900B8B759 /* NATableViewCell.swift */,
				EC2928DD202F3ED900B8B759 /* NAButton.swift */,
				EC2928DE202F3ED900B8B759 /* NATextField.swift */,
			);
			path = Sources;
			sourceTree = "<group>";
		};
		EC2928DF202F3ED900B8B759 /* iOS */ = {
			isa = PBXGroup;
			children = (
				EC2928E0202F3ED900B8B759 /* SodiumCocoa.h */,
				EC2928E1202F3ED900B8B759 /* Info.plist */,
			);
			path = iOS;
			sourceTree = "<group>";
		};
		EC2E4E3420304B160054825F /* SodiumSwiftTests-iOS */ = {
			isa = PBXGroup;
			children = (
				055B91DA1CD13D950048BC24 /* SodiumTests.swift */,
				05FE4C061CDD0C3B00108F68 /* StreamTests.swift */,
				0576BE481CDEDEA300BACC72 /* TestCommon.swift */,
				EC2E4E3720304B160054825F /* Info.plist */,
			);
			path = "SodiumSwiftTests-iOS";
			sourceTree = "<group>";
		};
		EC2E4E4620304D2C0054825F /* SodiumCocoaTests-iOS */ = {
			isa = PBXGroup;
			children = (
				EC2E4E4720304D2C0054825F /* SodiumCocoaTests_iOS.swift */,
				EC2E4E4920304D2C0054825F /* Info.plist */,
			);
			path = "SodiumCocoaTests-iOS";
			sourceTree = "<group>";
		};
		EC7908B51DF866800081B51E /* SwiftCommonIOS */ = {
			isa = PBXGroup;
			children = (
				EC2928F1202F401F00B8B759 /* UIButton-Extension.swift */,
				EC2928F2202F401F00B8B759 /* UILabel-Extension.swift */,
				EC2928F3202F401F00B8B759 /* UIApplication-Extension.swift */,
				EC2928F4202F401F00B8B759 /* UIColor-Extension.swift */,
				EC2928F5202F401F00B8B759 /* UIFont-Extension.swift */,
				EC2928F6202F401F00B8B759 /* UIViewController-Extension.swift */,
				EC2928F7202F401F00B8B759 /* UIView-Extension.swift */,
				EC2928F8202F401F00B8B759 /* UIImage-Extension.swift */,
				EC2928F9202F401F00B8B759 /* UITableViewCell-Extension.swift */,
				EC2928FA202F401F00B8B759 /* UITableView-Extension.swift */,
			);
			path = SwiftCommonIOS;
			sourceTree = "<group>";
		};
		EC7908D61DF869D10081B51E /* SodiumSwift */ = {
			isa = PBXGroup;
			children = (
				055B91CD1CD13D940048BC24 /* Sources */,
				EC2928B6202F3C2400B8B759 /* iOS */,
				EC292899202F3C2400B8B759 /* macOS */,
				EC2928B3202F3C2400B8B759 /* tvOS */,
			);
			path = SodiumSwift;
			sourceTree = "<group>";
		};
/* End PBXGroup section */

/* Begin PBXHeadersBuildPhase section */
		05E3C6DB1CEFBDBB00BAFE1D /* Headers */ = {
			isa = PBXHeadersBuildPhase;
			buildActionMask = 2147483647;
			files = (
				EC2928E8202F3ED900B8B759 /* SodiumCocoa.h in Headers */,
				EC2928E2202F3ED900B8B759 /* SodiumCocoa-tvOS.h in Headers */,
			);
			runOnlyForDeploymentPostprocessing = 0;
		};
		EC28900B1F16227E000FB227 /* Headers */ = {
			isa = PBXHeadersBuildPhase;
			buildActionMask = 2147483647;
			files = (
			);
			runOnlyForDeploymentPostprocessing = 0;
		};
		EC28901E1F1624BE000FB227 /* Headers */ = {
			isa = PBXHeadersBuildPhase;
			buildActionMask = 2147483647;
			files = (
				EC272D30202F480F0082A167 /* SodiumCocoa-tvOS.h in Headers */,
			);
			runOnlyForDeploymentPostprocessing = 0;
		};
		EC33609A1F1F5D6A00D6C3AE /* Headers */ = {
			isa = PBXHeadersBuildPhase;
			buildActionMask = 2147483647;
			files = (
			);
			runOnlyForDeploymentPostprocessing = 0;
		};
		EC7908D21DF869D10081B51E /* Headers */ = {
			isa = PBXHeadersBuildPhase;
			buildActionMask = 2147483647;
			files = (
				EC2928D3202F3C2400B8B759 /* SodiumSwift.h in Headers */,
			);
			runOnlyForDeploymentPostprocessing = 0;
		};
/* End PBXHeadersBuildPhase section */

/* Begin PBXNativeTarget section */
		05E3C6C41CEFBD1B00BAFE1D /* SodiumExamples */ = {
			isa = PBXNativeTarget;
			buildConfigurationList = 05E3C6D81CEFBD1B00BAFE1D /* Build configuration list for PBXNativeTarget "SodiumExamples" */;
			buildPhases = (
				05E3C6C11CEFBD1B00BAFE1D /* Sources */,
				05E3C6C21CEFBD1B00BAFE1D /* Frameworks */,
				05E3C6C31CEFBD1B00BAFE1D /* Resources */,
				EC26731F1DE8D8080077F320 /* Embed Frameworks */,
			);
			buildRules = (
			);
			dependencies = (
				EC2673231DE8D8170077F320 /* PBXTargetDependency */,
			);
			name = SodiumExamples;
			productName = SodiumExamples;
			productReference = 05E3C6C51CEFBD1B00BAFE1D /* SodiumExamples.app */;
			productType = "com.apple.product-type.application";
		};
		05E3C6DD1CEFBDBB00BAFE1D /* SodiumCocoa */ = {
			isa = PBXNativeTarget;
			buildConfigurationList = 05E3C6E31CEFBDBB00BAFE1D /* Build configuration list for PBXNativeTarget "SodiumCocoa" */;
			buildPhases = (
				05E3C6D91CEFBDBB00BAFE1D /* Sources */,
				05E3C6DA1CEFBDBB00BAFE1D /* Frameworks */,
				05E3C6DB1CEFBDBB00BAFE1D /* Headers */,
				05E3C6DC1CEFBDBB00BAFE1D /* Resources */,
			);
			buildRules = (
			);
			dependencies = (
			);
			name = SodiumCocoa;
			productName = SodiumCocoa;
			productReference = 05E3C6DE1CEFBDBB00BAFE1D /* SodiumCocoa.framework */;
			productType = "com.apple.product-type.framework";
		};
		EC288FF31F16227E000FB227 /* SodiumSwift-tvOS */ = {
			isa = PBXNativeTarget;
			buildConfigurationList = EC28900E1F16227E000FB227 /* Build configuration list for PBXNativeTarget "SodiumSwift-tvOS" */;
			buildPhases = (
				EC288FF41F16227E000FB227 /* Sources */,
				EC28900A1F16227E000FB227 /* Frameworks */,
				EC28900B1F16227E000FB227 /* Headers */,
				EC28900D1F16227E000FB227 /* Resources */,
			);
			buildRules = (
			);
			dependencies = (
			);
			name = "SodiumSwift-tvOS";
			productName = SodiumSwift;
			productReference = EC2890111F16227E000FB227 /* SodiumSwift.framework */;
			productType = "com.apple.product-type.framework";
		};
		EC2890131F1624BE000FB227 /* SodiumCocoa-tvOS */ = {
			isa = PBXNativeTarget;
			buildConfigurationList = EC2890221F1624BE000FB227 /* Build configuration list for PBXNativeTarget "SodiumCocoa-tvOS" */;
			buildPhases = (
				EC2890161F1624BE000FB227 /* [CP] Check Pods Manifest.lock */,
				EC2890171F1624BE000FB227 /* Sources */,
				EC28901C1F1624BE000FB227 /* Frameworks */,
				EC28901E1F1624BE000FB227 /* Headers */,
				EC2890201F1624BE000FB227 /* Resources */,
				EC2890211F1624BE000FB227 /* [CP] Copy Pods Resources */,
			);
			buildRules = (
			);
			dependencies = (
			);
			name = "SodiumCocoa-tvOS";
			productName = SodiumCocoa;
			productReference = EC2890251F1624BE000FB227 /* SodiumCocoa.framework */;
			productType = "com.apple.product-type.framework";
		};
		EC2E4E3220304B160054825F /* SodiumSwiftTests-iOS */ = {
			isa = PBXNativeTarget;
			buildConfigurationList = EC2E4E3B20304B160054825F /* Build configuration list for PBXNativeTarget "SodiumSwiftTests-iOS" */;
			buildPhases = (
				EC2E4E2F20304B160054825F /* Sources */,
				EC2E4E3020304B160054825F /* Frameworks */,
				EC2E4E3120304B160054825F /* Resources */,
			);
			buildRules = (
			);
			dependencies = (
				EC2E4E3A20304B160054825F /* PBXTargetDependency */,
			);
			name = "SodiumSwiftTests-iOS";
			productName = "SodiumSwiftTests-iOS";
			productReference = EC2E4E3320304B160054825F /* SodiumSwiftTests-iOS.xctest */;
			productType = "com.apple.product-type.bundle.unit-test";
		};
		EC2E4E4420304D2C0054825F /* SodiumCocoaTests-iOS */ = {
			isa = PBXNativeTarget;
			buildConfigurationList = EC2E4E4D20304D2C0054825F /* Build configuration list for PBXNativeTarget "SodiumCocoaTests-iOS" */;
			buildPhases = (
				EC2E4E4120304D2C0054825F /* Sources */,
				EC2E4E4220304D2C0054825F /* Frameworks */,
				EC2E4E4320304D2C0054825F /* Resources */,
			);
			buildRules = (
			);
			dependencies = (
				EC2E4E4C20304D2C0054825F /* PBXTargetDependency */,
			);
			name = "SodiumCocoaTests-iOS";
			productName = "SodiumCocoaTests-iOS";
			productReference = EC2E4E4520304D2C0054825F /* SodiumCocoaTests-iOS.xctest */;
			productType = "com.apple.product-type.bundle.unit-test";
		};
		EC3360821F1F5D6A00D6C3AE /* SodiumSwift-macOS */ = {
			isa = PBXNativeTarget;
			buildConfigurationList = EC33609D1F1F5D6A00D6C3AE /* Build configuration list for PBXNativeTarget "SodiumSwift-macOS" */;
			buildPhases = (
				EC3360831F1F5D6A00D6C3AE /* Sources */,
				EC3360991F1F5D6A00D6C3AE /* Frameworks */,
				EC33609A1F1F5D6A00D6C3AE /* Headers */,
				EC33609C1F1F5D6A00D6C3AE /* Resources */,
			);
			buildRules = (
			);
			dependencies = (
			);
			name = "SodiumSwift-macOS";
			productName = SodiumSwift;
			productReference = EC3360A01F1F5D6A00D6C3AE /* SodiumSwift.framework */;
			productType = "com.apple.product-type.framework";
		};
		EC7908D41DF869D10081B51E /* SodiumSwift */ = {
			isa = PBXNativeTarget;
			buildConfigurationList = EC7908DA1DF869D10081B51E /* Build configuration list for PBXNativeTarget "SodiumSwift" */;
			buildPhases = (
				EC7908D01DF869D10081B51E /* Sources */,
				EC7908D11DF869D10081B51E /* Frameworks */,
				EC7908D21DF869D10081B51E /* Headers */,
				EC7908D31DF869D10081B51E /* Resources */,
			);
			buildRules = (
			);
			dependencies = (
			);
			name = SodiumSwift;
			productName = SodiumSwift;
			productReference = EC7908D51DF869D10081B51E /* SodiumSwift.framework */;
			productType = "com.apple.product-type.framework";
		};
/* End PBXNativeTarget section */

/* Begin PBXProject section */
		055B91C21CD13D940048BC24 /* Project object */ = {
			isa = PBXProject;
			attributes = {
				LastSwiftUpdateCheck = 0920;
				LastUpgradeCheck = 0920;
				ORGANIZATIONNAME = UnchartedWorks;
				TargetAttributes = {
					05E3C6C41CEFBD1B00BAFE1D = {
						CreatedOnToolsVersion = 7.3.1;
					};
					05E3C6DD1CEFBDBB00BAFE1D = {
						CreatedOnToolsVersion = 7.3.1;
						LastSwiftMigration = 0810;
					};
					EC2E4E3220304B160054825F = {
						CreatedOnToolsVersion = 9.2;
						ProvisioningStyle = Automatic;
					};
					EC2E4E4420304D2C0054825F = {
						CreatedOnToolsVersion = 9.2;
						ProvisioningStyle = Automatic;
					};
					EC7908D41DF869D10081B51E = {
						CreatedOnToolsVersion = 8.1;
						ProvisioningStyle = Automatic;
					};
				};
			};
			buildConfigurationList = 055B91C51CD13D940048BC24 /* Build configuration list for PBXProject "Sodium" */;
			compatibilityVersion = "Xcode 8.0";
			developmentRegion = English;
			hasScannedForEncodings = 0;
			knownRegions = (
				en,
				Base,
			);
			mainGroup = 055B91C11CD13D940048BC24;
			productRefGroup = 055B91CC1CD13D940048BC24 /* Products */;
			projectDirPath = "";
			projectRoot = "";
			targets = (
				EC7908D41DF869D10081B51E /* SodiumSwift */,
				EC288FF31F16227E000FB227 /* SodiumSwift-tvOS */,
				EC3360821F1F5D6A00D6C3AE /* SodiumSwift-macOS */,
				05E3C6DD1CEFBDBB00BAFE1D /* SodiumCocoa */,
				EC2890131F1624BE000FB227 /* SodiumCocoa-tvOS */,
				05E3C6C41CEFBD1B00BAFE1D /* SodiumExamples */,
				EC2E4E3220304B160054825F /* SodiumSwiftTests-iOS */,
				EC2E4E4420304D2C0054825F /* SodiumCocoaTests-iOS */,
			);
		};
/* End PBXProject section */

/* Begin PBXResourcesBuildPhase section */
		05E3C6C31CEFBD1B00BAFE1D /* Resources */ = {
			isa = PBXResourcesBuildPhase;
			buildActionMask = 2147483647;
			files = (
				05E3C6D41CEFBD1B00BAFE1D /* LaunchScreen.storyboard in Resources */,
				EC272D5B202F4E850082A167 /* Main.storyboard in Resources */,
				05E3C6D11CEFBD1B00BAFE1D /* Assets.xcassets in Resources */,
			);
			runOnlyForDeploymentPostprocessing = 0;
		};
		05E3C6DC1CEFBDBB00BAFE1D /* Resources */ = {
			isa = PBXResourcesBuildPhase;
			buildActionMask = 2147483647;
			files = (
			);
			runOnlyForDeploymentPostprocessing = 0;
		};
		EC28900D1F16227E000FB227 /* Resources */ = {
			isa = PBXResourcesBuildPhase;
			buildActionMask = 2147483647;
			files = (
			);
			runOnlyForDeploymentPostprocessing = 0;
		};
		EC2890201F1624BE000FB227 /* Resources */ = {
			isa = PBXResourcesBuildPhase;
			buildActionMask = 2147483647;
			files = (
			);
			runOnlyForDeploymentPostprocessing = 0;
		};
		EC2E4E3120304B160054825F /* Resources */ = {
			isa = PBXResourcesBuildPhase;
			buildActionMask = 2147483647;
			files = (
			);
			runOnlyForDeploymentPostprocessing = 0;
		};
		EC2E4E4320304D2C0054825F /* Resources */ = {
			isa = PBXResourcesBuildPhase;
			buildActionMask = 2147483647;
			files = (
			);
			runOnlyForDeploymentPostprocessing = 0;
		};
		EC33609C1F1F5D6A00D6C3AE /* Resources */ = {
			isa = PBXResourcesBuildPhase;
			buildActionMask = 2147483647;
			files = (
			);
			runOnlyForDeploymentPostprocessing = 0;
		};
		EC7908D31DF869D10081B51E /* Resources */ = {
			isa = PBXResourcesBuildPhase;
			buildActionMask = 2147483647;
			files = (
			);
			runOnlyForDeploymentPostprocessing = 0;
		};
/* End PBXResourcesBuildPhase section */

/* Begin PBXShellScriptBuildPhase section */
		EC2890161F1624BE000FB227 /* [CP] Check Pods Manifest.lock */ = {
			isa = PBXShellScriptBuildPhase;
			buildActionMask = 2147483647;
			files = (
			);
			inputPaths = (
			);
			name = "[CP] Check Pods Manifest.lock";
			outputPaths = (
			);
			runOnlyForDeploymentPostprocessing = 0;
			shellPath = /bin/sh;
			shellScript = "diff \"${PODS_ROOT}/../Podfile.lock\" \"${PODS_ROOT}/Manifest.lock\" > /dev/null\nif [[ $? != 0 ]] ; then\n    cat << EOM\nerror: The sandbox is not in sync with the Podfile.lock. Run 'pod install' or update your CocoaPods installation.\nEOM\n    exit 1\nfi\n";
			showEnvVarsInLog = 0;
		};
		EC2890211F1624BE000FB227 /* [CP] Copy Pods Resources */ = {
			isa = PBXShellScriptBuildPhase;
			buildActionMask = 2147483647;
			files = (
			);
			inputPaths = (
			);
			name = "[CP] Copy Pods Resources";
			outputPaths = (
			);
			runOnlyForDeploymentPostprocessing = 0;
			shellPath = /bin/sh;
			shellScript = "\"${SRCROOT}/Pods/Target Support Files/Pods-SodiumCocoa/Pods-SodiumCocoa-resources.sh\"\n";
			showEnvVarsInLog = 0;
		};
/* End PBXShellScriptBuildPhase section */

/* Begin PBXSourcesBuildPhase section */
		05E3C6C11CEFBD1B00BAFE1D /* Sources */ = {
			isa = PBXSourcesBuildPhase;
			buildActionMask = 2147483647;
			files = (
				05E150431CFF9C6F008AB9B3 /* Example24.swift in Sources */,
				05E3C6F11CEFD26A00BAFE1D /* Example2.1.swift in Sources */,
				EC272D5D202F57B50082A167 /* CounterViewController.swift in Sources */,
				ECB2453D202F9B980070EA3E /* RootTableViewController.swift in Sources */,
				05E3C6CC1CEFBD1B00BAFE1D /* SecondViewController.swift in Sources */,
				05E3C6C81CEFBD1B00BAFE1D /* AppDelegate.swift in Sources */,
				05C680E71CFE205F00B41A45 /* Example22.swift in Sources */,
				05E3C6CA1CEFBD1B00BAFE1D /* FirstViewController.swift in Sources */,
			);
			runOnlyForDeploymentPostprocessing = 0;
		};
		05E3C6D91CEFBDBB00BAFE1D /* Sources */ = {
			isa = PBXSourcesBuildPhase;
			buildActionMask = 2147483647;
			files = (
				EC04DBFA203042A100B2C271 /* UIButton-Extension.swift in Sources */,
				EC04DBFB203042A100B2C271 /* UILabel-Extension.swift in Sources */,
				EC04DBFC203042A100B2C271 /* UIApplication-Extension.swift in Sources */,
				EC04DBFD203042A100B2C271 /* UIColor-Extension.swift in Sources */,
				EC04DBFE203042A100B2C271 /* UIFont-Extension.swift in Sources */,
				EC04DBFF203042A100B2C271 /* UIViewController-Extension.swift in Sources */,
				EC04DC00203042A100B2C271 /* UIView-Extension.swift in Sources */,
				EC04DC01203042A100B2C271 /* UIImage-Extension.swift in Sources */,
				EC04DC02203042A100B2C271 /* UITableViewCell-Extension.swift in Sources */,
				EC04DC03203042A100B2C271 /* UITableView-Extension.swift in Sources */,
				EC04DBF12030429200B2C271 /* Date-Extension.swift in Sources */,
				EC04DBF22030429200B2C271 /* Event.swift in Sources */,
				EC04DBF32030429200B2C271 /* URL-Extension.swift in Sources */,
				EC04DBF42030429200B2C271 /* Dispatch.swift in Sources */,
				EC04DBF52030429200B2C271 /* String-Extension.swift in Sources */,
				EC04DBF62030429200B2C271 /* Bool-Extension.swift in Sources */,
				EC04DBF72030429200B2C271 /* CGRect-Extension.swift in Sources */,
				EC04DBF82030429200B2C271 /* Array-Extension.swift in Sources */,
				EC04DBF92030429200B2C271 /* CGSize-Extenstion.swift in Sources */,
				EC2928E7202F3ED900B8B759 /* NATextField.swift in Sources */,
				EC2928E6202F3ED900B8B759 /* NAButton.swift in Sources */,
				EC2928E5202F3ED900B8B759 /* NATableViewCell.swift in Sources */,
				EC2928E4202F3ED900B8B759 /* NALabel.swift in Sources */,
			);
			runOnlyForDeploymentPostprocessing = 0;
		};
		EC288FF41F16227E000FB227 /* Sources */ = {
			isa = PBXSourcesBuildPhase;
			buildActionMask = 2147483647;
			files = (
				EC2E4E18203049A50054825F /* Date-Extension.swift in Sources */,
				EC2E4E19203049A50054825F /* Event.swift in Sources */,
				EC2E4E1A203049A50054825F /* URL-Extension.swift in Sources */,
				EC2E4E1B203049A50054825F /* Dispatch.swift in Sources */,
				EC2E4E1C203049A50054825F /* String-Extension.swift in Sources */,
				EC2E4E1D203049A50054825F /* Bool-Extension.swift in Sources */,
				EC2E4E1E203049A50054825F /* CGRect-Extension.swift in Sources */,
				EC2E4E1F203049A50054825F /* Array-Extension.swift in Sources */,
				EC2E4E20203049A50054825F /* CGSize-Extenstion.swift in Sources */,
				EC2E4E21203049A50054825F /* UIButton-Extension.swift in Sources */,
				EC2E4E22203049A50054825F /* UILabel-Extension.swift in Sources */,
				EC2E4E23203049A50054825F /* UIApplication-Extension.swift in Sources */,
				EC2E4E24203049A50054825F /* UIColor-Extension.swift in Sources */,
				EC2E4E25203049A50054825F /* UIFont-Extension.swift in Sources */,
				EC2E4E26203049A50054825F /* UIViewController-Extension.swift in Sources */,
				EC2E4E27203049A50054825F /* UIView-Extension.swift in Sources */,
				EC2E4E28203049A50054825F /* UIImage-Extension.swift in Sources */,
				EC2E4E29203049A50054825F /* UITableViewCell-Extension.swift in Sources */,
				EC2E4E2A203049A50054825F /* UITableView-Extension.swift in Sources */,
				EC2E4E2B203049A50054825F /* NALabel.swift in Sources */,
				EC2E4E2C203049A50054825F /* NATableViewCell.swift in Sources */,
				EC2E4E2D203049A50054825F /* NAButton.swift in Sources */,
				EC2E4E2E203049A50054825F /* NATextField.swift in Sources */,
			);
			runOnlyForDeploymentPostprocessing = 0;
		};
		EC2890171F1624BE000FB227 /* Sources */ = {
			isa = PBXSourcesBuildPhase;
			buildActionMask = 2147483647;
			files = (
				EC04DC0D203045AA00B2C271 /* UIButton-Extension.swift in Sources */,
				EC04DC0E203045AA00B2C271 /* UILabel-Extension.swift in Sources */,
				EC04DC0F203045AA00B2C271 /* UIApplication-Extension.swift in Sources */,
				EC04DC10203045AA00B2C271 /* UIColor-Extension.swift in Sources */,
				EC04DC11203045AA00B2C271 /* UIFont-Extension.swift in Sources */,
				EC04DC12203045AA00B2C271 /* UIViewController-Extension.swift in Sources */,
				EC04DC13203045AA00B2C271 /* UIView-Extension.swift in Sources */,
				EC04DC14203045AA00B2C271 /* UIImage-Extension.swift in Sources */,
				EC04DC15203045AA00B2C271 /* UITableViewCell-Extension.swift in Sources */,
				EC04DC16203045AA00B2C271 /* UITableView-Extension.swift in Sources */,
				EC04DC042030459800B2C271 /* Date-Extension.swift in Sources */,
				EC04DC052030459800B2C271 /* Event.swift in Sources */,
				EC04DC062030459800B2C271 /* URL-Extension.swift in Sources */,
				EC04DC072030459800B2C271 /* Dispatch.swift in Sources */,
				EC04DC082030459800B2C271 /* String-Extension.swift in Sources */,
				EC04DC092030459800B2C271 /* Bool-Extension.swift in Sources */,
				EC04DC0A2030459800B2C271 /* CGRect-Extension.swift in Sources */,
				EC04DC0B2030459800B2C271 /* Array-Extension.swift in Sources */,
				EC04DC0C2030459800B2C271 /* CGSize-Extenstion.swift in Sources */,
				EC272D2C202F47DE0082A167 /* NALabel.swift in Sources */,
				EC272D2D202F47DE0082A167 /* NATableViewCell.swift in Sources */,
				EC272D2E202F47DE0082A167 /* NAButton.swift in Sources */,
				EC272D2F202F47DE0082A167 /* NATextField.swift in Sources */,
			);
			runOnlyForDeploymentPostprocessing = 0;
		};
		EC2E4E2F20304B160054825F /* Sources */ = {
			isa = PBXSourcesBuildPhase;
			buildActionMask = 2147483647;
			files = (
				EC2E4E3F20304B420054825F /* SodiumTests.swift in Sources */,
				EC2E4E3E20304B420054825F /* TestCommon.swift in Sources */,
				EC2E4E4020304B420054825F /* StreamTests.swift in Sources */,
			);
			runOnlyForDeploymentPostprocessing = 0;
		};
		EC2E4E4120304D2C0054825F /* Sources */ = {
			isa = PBXSourcesBuildPhase;
			buildActionMask = 2147483647;
			files = (
				EC2E4E4820304D2C0054825F /* SodiumCocoaTests_iOS.swift in Sources */,
			);
			runOnlyForDeploymentPostprocessing = 0;
		};
		EC3360831F1F5D6A00D6C3AE /* Sources */ = {
			isa = PBXSourcesBuildPhase;
			buildActionMask = 2147483647;
			files = (
				EC3360841F1F5D6A00D6C3AE /* Array-Extension.swift in Sources */,
				EC3360851F1F5D6A00D6C3AE /* String-Extension.swift in Sources */,
				EC3360861F1F5D6A00D6C3AE /* PriorityQueue.swift in Sources */,
				EC3360871F1F5D6A00D6C3AE /* Cell.swift in Sources */,
				EC3360881F1F5D6A00D6C3AE /* CellLoop.swift in Sources */,
				EC3360891F1F5D6A00D6C3AE /* CellSink.swift in Sources */,
				EC33608A1F1F5D6A00D6C3AE /* CoalesceHandler.swift in Sources */,
				EC33608B1F1F5D6A00D6C3AE /* CompositeListener.swift in Sources */,
				EC33608C1F1F5D6A00D6C3AE /* IKeepListenersAlive.swift in Sources */,
				EC33608D1F1F5D6A00D6C3AE /* ListenerType.swift in Sources */,
				EC33608E1F1F5D6A00D6C3AE /* Lazy.swift in Sources */,
				EC33608F1F1F5D6A00D6C3AE /* LazyCell.swift in Sources */,
				EC3360901F1F5D6A00D6C3AE /* Listener.swift in Sources */,
				EC3360911F1F5D6A00D6C3AE /* Memory.swift in Sources */,
				EC3360921F1F5D6A00D6C3AE /* Node.swift in Sources */,
				EC3360931F1F5D6A00D6C3AE /* Operational.swift in Sources */,
				EC3360941F1F5D6A00D6C3AE /* Stream.swift in Sources */,
				EC3360951F1F5D6A00D6C3AE /* StreamLoop.swift in Sources */,
				EC3360961F1F5D6A00D6C3AE /* StreamSink.swift in Sources */,
				EC3360971F1F5D6A00D6C3AE /* Transaction.swift in Sources */,
				EC3360981F1F5D6A00D6C3AE /* Unit.swift in Sources */,
			);
			runOnlyForDeploymentPostprocessing = 0;
		};
		EC7908D01DF869D10081B51E /* Sources */ = {
			isa = PBXSourcesBuildPhase;
			buildActionMask = 2147483647;
			files = (
				EC7908DD1DF86A090081B51E /* Array-Extension.swift in Sources */,
				EC7908DE1DF86A090081B51E /* String-Extension.swift in Sources */,
				EC7908DF1DF86A090081B51E /* PriorityQueue.swift in Sources */,
				EC7908E01DF86A090081B51E /* Cell.swift in Sources */,
				EC7908E11DF86A090081B51E /* CellLoop.swift in Sources */,
				EC7908E21DF86A090081B51E /* CellSink.swift in Sources */,
				EC7908E31DF86A090081B51E /* CoalesceHandler.swift in Sources */,
				EC7908E41DF86A090081B51E /* CompositeListener.swift in Sources */,
				EC7908E51DF86A090081B51E /* IKeepListenersAlive.swift in Sources */,
				EC7908E61DF86A090081B51E /* ListenerType.swift in Sources */,
				EC7908E71DF86A090081B51E /* Lazy.swift in Sources */,
				EC7908E81DF86A090081B51E /* LazyCell.swift in Sources */,
				EC7908E91DF86A090081B51E /* Listener.swift in Sources */,
				EC7908EA1DF86A090081B51E /* Memory.swift in Sources */,
				EC7908EB1DF86A090081B51E /* Node.swift in Sources */,
				EC7908EC1DF86A090081B51E /* Operational.swift in Sources */,
				EC7908ED1DF86A090081B51E /* Stream.swift in Sources */,
				EC7908EE1DF86A090081B51E /* StreamLoop.swift in Sources */,
				EC7908EF1DF86A090081B51E /* StreamSink.swift in Sources */,
				EC7908F01DF86A090081B51E /* Transaction.swift in Sources */,
				EC7908F11DF86A090081B51E /* Unit.swift in Sources */,
			);
			runOnlyForDeploymentPostprocessing = 0;
		};
/* End PBXSourcesBuildPhase section */

/* Begin PBXTargetDependency section */
		EC2673231DE8D8170077F320 /* PBXTargetDependency */ = {
			isa = PBXTargetDependency;
			target = 05E3C6DD1CEFBDBB00BAFE1D /* SodiumCocoa */;
			targetProxy = EC2673221DE8D8170077F320 /* PBXContainerItemProxy */;
		};
		EC2E4E3A20304B160054825F /* PBXTargetDependency */ = {
			isa = PBXTargetDependency;
			target = EC7908D41DF869D10081B51E /* SodiumSwift */;
			targetProxy = EC2E4E3920304B160054825F /* PBXContainerItemProxy */;
		};
		EC2E4E4C20304D2C0054825F /* PBXTargetDependency */ = {
			isa = PBXTargetDependency;
			target = 05E3C6DD1CEFBDBB00BAFE1D /* SodiumCocoa */;
			targetProxy = EC2E4E4B20304D2C0054825F /* PBXContainerItemProxy */;
		};
/* End PBXTargetDependency section */

/* Begin PBXVariantGroup section */
		05E3C6D21CEFBD1B00BAFE1D /* LaunchScreen.storyboard */ = {
			isa = PBXVariantGroup;
			children = (
				05E3C6D31CEFBD1B00BAFE1D /* Base */,
			);
			name = LaunchScreen.storyboard;
			sourceTree = "<group>";
		};
/* End PBXVariantGroup section */

/* Begin XCBuildConfiguration section */
		055B91DD1CD13D950048BC24 /* Debug */ = {
			isa = XCBuildConfiguration;
			buildSettings = {
				ALWAYS_SEARCH_USER_PATHS = NO;
				CLANG_CXX_LANGUAGE_STANDARD = "gnu++0x";
				CLANG_CXX_LIBRARY = "libc++";
				CLANG_ENABLE_MODULES = YES;
				CLANG_ENABLE_OBJC_ARC = YES;
				CLANG_WARN_BLOCK_CAPTURE_AUTORELEASING = YES;
				CLANG_WARN_BOOL_CONVERSION = YES;
				CLANG_WARN_COMMA = YES;
				CLANG_WARN_CONSTANT_CONVERSION = YES;
				CLANG_WARN_DIRECT_OBJC_ISA_USAGE = YES_ERROR;
				CLANG_WARN_EMPTY_BODY = YES;
				CLANG_WARN_ENUM_CONVERSION = YES;
				CLANG_WARN_INFINITE_RECURSION = YES;
				CLANG_WARN_INT_CONVERSION = YES;
				CLANG_WARN_NON_LITERAL_NULL_CONVERSION = YES;
				CLANG_WARN_OBJC_LITERAL_CONVERSION = YES;
				CLANG_WARN_OBJC_ROOT_CLASS = YES_ERROR;
				CLANG_WARN_RANGE_LOOP_ANALYSIS = YES;
				CLANG_WARN_STRICT_PROTOTYPES = YES;
				CLANG_WARN_SUSPICIOUS_MOVE = YES;
				CLANG_WARN_UNREACHABLE_CODE = YES;
				CLANG_WARN__DUPLICATE_METHOD_MATCH = YES;
				"CODE_SIGN_IDENTITY[sdk=iphoneos*]" = "iPhone Developer";
				COPY_PHASE_STRIP = NO;
				CURRENT_PROJECT_VERSION = 1;
				DEBUG_INFORMATION_FORMAT = dwarf;
				ENABLE_STRICT_OBJC_MSGSEND = YES;
				ENABLE_TESTABILITY = YES;
				GCC_C_LANGUAGE_STANDARD = gnu99;
				GCC_DYNAMIC_NO_PIC = NO;
				GCC_NO_COMMON_BLOCKS = YES;
				GCC_OPTIMIZATION_LEVEL = 0;
				GCC_PREPROCESSOR_DEFINITIONS = (
					"DEBUG=1",
					"$(inherited)",
				);
				GCC_WARN_64_TO_32_BIT_CONVERSION = YES;
				GCC_WARN_ABOUT_RETURN_TYPE = YES_ERROR;
				GCC_WARN_UNDECLARED_SELECTOR = YES;
				GCC_WARN_UNINITIALIZED_AUTOS = YES_AGGRESSIVE;
				GCC_WARN_UNUSED_FUNCTION = YES;
				GCC_WARN_UNUSED_VARIABLE = YES;
				IPHONEOS_DEPLOYMENT_TARGET = 10.0;
				MTL_ENABLE_DEBUG_INFO = YES;
				ONLY_ACTIVE_ARCH = YES;
				SDKROOT = iphoneos;
				SWIFT_OPTIMIZATION_LEVEL = "-Onone";
				TARGETED_DEVICE_FAMILY = "1,2";
				VERSIONING_SYSTEM = "apple-generic";
				VERSION_INFO_PREFIX = "";
			};
			name = Debug;
		};
		055B91DE1CD13D950048BC24 /* Release */ = {
			isa = XCBuildConfiguration;
			buildSettings = {
				ALWAYS_SEARCH_USER_PATHS = NO;
				CLANG_CXX_LANGUAGE_STANDARD = "gnu++0x";
				CLANG_CXX_LIBRARY = "libc++";
				CLANG_ENABLE_MODULES = YES;
				CLANG_ENABLE_OBJC_ARC = YES;
				CLANG_WARN_BLOCK_CAPTURE_AUTORELEASING = YES;
				CLANG_WARN_BOOL_CONVERSION = YES;
				CLANG_WARN_COMMA = YES;
				CLANG_WARN_CONSTANT_CONVERSION = YES;
				CLANG_WARN_DIRECT_OBJC_ISA_USAGE = YES_ERROR;
				CLANG_WARN_EMPTY_BODY = YES;
				CLANG_WARN_ENUM_CONVERSION = YES;
				CLANG_WARN_INFINITE_RECURSION = YES;
				CLANG_WARN_INT_CONVERSION = YES;
				CLANG_WARN_NON_LITERAL_NULL_CONVERSION = YES;
				CLANG_WARN_OBJC_LITERAL_CONVERSION = YES;
				CLANG_WARN_OBJC_ROOT_CLASS = YES_ERROR;
				CLANG_WARN_RANGE_LOOP_ANALYSIS = YES;
				CLANG_WARN_STRICT_PROTOTYPES = YES;
				CLANG_WARN_SUSPICIOUS_MOVE = YES;
				CLANG_WARN_UNREACHABLE_CODE = YES;
				CLANG_WARN__DUPLICATE_METHOD_MATCH = YES;
				"CODE_SIGN_IDENTITY[sdk=iphoneos*]" = "iPhone Developer";
				COPY_PHASE_STRIP = NO;
				CURRENT_PROJECT_VERSION = 1;
				DEBUG_INFORMATION_FORMAT = "dwarf-with-dsym";
				ENABLE_NS_ASSERTIONS = NO;
				ENABLE_STRICT_OBJC_MSGSEND = YES;
				GCC_C_LANGUAGE_STANDARD = gnu99;
				GCC_NO_COMMON_BLOCKS = YES;
				GCC_WARN_64_TO_32_BIT_CONVERSION = YES;
				GCC_WARN_ABOUT_RETURN_TYPE = YES_ERROR;
				GCC_WARN_UNDECLARED_SELECTOR = YES;
				GCC_WARN_UNINITIALIZED_AUTOS = YES_AGGRESSIVE;
				GCC_WARN_UNUSED_FUNCTION = YES;
				GCC_WARN_UNUSED_VARIABLE = YES;
				IPHONEOS_DEPLOYMENT_TARGET = 10.0;
				MTL_ENABLE_DEBUG_INFO = NO;
				SDKROOT = iphoneos;
				SWIFT_OPTIMIZATION_LEVEL = "-Owholemodule";
				TARGETED_DEVICE_FAMILY = "1,2";
				VALIDATE_PRODUCT = YES;
				VERSIONING_SYSTEM = "apple-generic";
				VERSION_INFO_PREFIX = "";
			};
			name = Release;
		};
		05E3C6D61CEFBD1B00BAFE1D /* Debug */ = {
			isa = XCBuildConfiguration;
			buildSettings = {
				ALWAYS_EMBED_SWIFT_STANDARD_LIBRARIES = YES;
				ASSETCATALOG_COMPILER_APPICON_NAME = AppIcon;
				CLANG_ANALYZER_NONNULL = YES;
				DEVELOPMENT_TEAM = "";
				INFOPLIST_FILE = SodiumExamples/Info.plist;
				IPHONEOS_DEPLOYMENT_TARGET = 11.0;
				LD_RUNPATH_SEARCH_PATHS = "$(inherited) @executable_path/Frameworks";
				PRODUCT_BUNDLE_IDENTIFIER = com.unchartedworks.SodiumExamples;
				PRODUCT_NAME = "$(TARGET_NAME)";
				SWIFT_VERSION = 3.0.1;
			};
			name = Debug;
		};
		05E3C6D71CEFBD1B00BAFE1D /* Release */ = {
			isa = XCBuildConfiguration;
			buildSettings = {
				ALWAYS_EMBED_SWIFT_STANDARD_LIBRARIES = YES;
				ASSETCATALOG_COMPILER_APPICON_NAME = AppIcon;
				CLANG_ANALYZER_NONNULL = YES;
				DEVELOPMENT_TEAM = "";
				INFOPLIST_FILE = SodiumExamples/Info.plist;
				IPHONEOS_DEPLOYMENT_TARGET = 11.0;
				LD_RUNPATH_SEARCH_PATHS = "$(inherited) @executable_path/Frameworks";
				PRODUCT_BUNDLE_IDENTIFIER = com.unchartedworks.SodiumExamples;
				PRODUCT_NAME = "$(TARGET_NAME)";
				SWIFT_VERSION = 3.0.1;
			};
			name = Release;
		};
		05E3C6E41CEFBDBB00BAFE1D /* Debug */ = {
			isa = XCBuildConfiguration;
			buildSettings = {
				ALWAYS_EMBED_SWIFT_STANDARD_LIBRARIES = YES;
				CLANG_ANALYZER_NONNULL = YES;
				CLANG_ENABLE_MODULES = YES;
				"CODE_SIGN_IDENTITY[sdk=iphoneos*]" = "";
				DEFINES_MODULE = YES;
				DYLIB_COMPATIBILITY_VERSION = 1;
				DYLIB_CURRENT_VERSION = 1;
				DYLIB_INSTALL_NAME_BASE = "@rpath";
				ENABLE_BITCODE = NO;
				INFOPLIST_FILE = "$(SRCROOT)/SodiumCocoa/iOS/Info.plist";
				INSTALL_PATH = "$(LOCAL_LIBRARY_DIR)/Frameworks";
				IPHONEOS_DEPLOYMENT_TARGET = 10.0;
				LD_RUNPATH_SEARCH_PATHS = "$(inherited) @executable_path/Frameworks @loader_path/Frameworks";
				PRODUCT_BUNDLE_IDENTIFIER = ventures.whirlygig.sodium.cocoa.SodiumCocoa;
				PRODUCT_NAME = "$(TARGET_NAME)";
				SDKROOT = iphoneos;
				SKIP_INSTALL = YES;
				SWIFT_OPTIMIZATION_LEVEL = "-Onone";
				SWIFT_VERSION = 3.0.1;
				TARGETED_DEVICE_FAMILY = "1,2";
			};
			name = Debug;
		};
		05E3C6E51CEFBDBB00BAFE1D /* Release */ = {
			isa = XCBuildConfiguration;
			buildSettings = {
				ALWAYS_EMBED_SWIFT_STANDARD_LIBRARIES = YES;
				CLANG_ANALYZER_NONNULL = YES;
				CLANG_ENABLE_MODULES = YES;
				"CODE_SIGN_IDENTITY[sdk=iphoneos*]" = "";
				DEFINES_MODULE = YES;
				DYLIB_COMPATIBILITY_VERSION = 1;
				DYLIB_CURRENT_VERSION = 1;
				DYLIB_INSTALL_NAME_BASE = "@rpath";
				ENABLE_BITCODE = NO;
				INFOPLIST_FILE = "$(SRCROOT)/SodiumCocoa/iOS/Info.plist";
				INSTALL_PATH = "$(LOCAL_LIBRARY_DIR)/Frameworks";
				IPHONEOS_DEPLOYMENT_TARGET = 10.0;
				LD_RUNPATH_SEARCH_PATHS = "$(inherited) @executable_path/Frameworks @loader_path/Frameworks";
				PRODUCT_BUNDLE_IDENTIFIER = ventures.whirlygig.sodium.cocoa.SodiumCocoa;
				PRODUCT_NAME = "$(TARGET_NAME)";
				SDKROOT = iphoneos;
				SKIP_INSTALL = YES;
				SWIFT_VERSION = 3.0.1;
				TARGETED_DEVICE_FAMILY = "1,2";
			};
			name = Release;
		};
		EC28900F1F16227E000FB227 /* Debug */ = {
			isa = XCBuildConfiguration;
			buildSettings = {
				CLANG_ANALYZER_NONNULL = YES;
				CLANG_WARN_DOCUMENTATION_COMMENTS = YES;
				CLANG_WARN_SUSPICIOUS_MOVES = YES;
				CODE_SIGN_IDENTITY = "";
				DEFINES_MODULE = YES;
				DYLIB_COMPATIBILITY_VERSION = 1;
				DYLIB_CURRENT_VERSION = 1;
				DYLIB_INSTALL_NAME_BASE = "@rpath";
				ENABLE_BITCODE = NO;
				INFOPLIST_FILE = "SodiumSwift-tvOS-Info.plist";
				INSTALL_PATH = "$(LOCAL_LIBRARY_DIR)/Frameworks";
				LD_RUNPATH_SEARCH_PATHS = "$(inherited) @executable_path/Frameworks @loader_path/Frameworks";
				ONLY_ACTIVE_ARCH = NO;
				PRODUCT_BUNDLE_IDENTIFIER = com.unchartedworks.SodiumSwift;
				PRODUCT_NAME = SodiumSwift;
				SDKROOT = iphoneos;
				SKIP_INSTALL = YES;
				SUPPORTED_PLATFORMS = "appletvsimulator appletvos";
				SWIFT_ACTIVE_COMPILATION_CONDITIONS = DEBUG;
				SWIFT_VERSION = 3.0;
				TARGETED_DEVICE_FAMILY = "1,2";
				TVOS_DEPLOYMENT_TARGET = 10.0;
				VALID_ARCHS = "arm64 x86_64";
			};
			name = Debug;
		};
		EC2890101F16227E000FB227 /* Release */ = {
			isa = XCBuildConfiguration;
			buildSettings = {
				CLANG_ANALYZER_NONNULL = YES;
				CLANG_WARN_DOCUMENTATION_COMMENTS = YES;
				CLANG_WARN_SUSPICIOUS_MOVES = YES;
				CODE_SIGN_IDENTITY = "";
				DEFINES_MODULE = YES;
				DYLIB_COMPATIBILITY_VERSION = 1;
				DYLIB_CURRENT_VERSION = 1;
				DYLIB_INSTALL_NAME_BASE = "@rpath";
				ENABLE_BITCODE = NO;
				INFOPLIST_FILE = "SodiumSwift-tvOS-Info.plist";
				INSTALL_PATH = "$(LOCAL_LIBRARY_DIR)/Frameworks";
				LD_RUNPATH_SEARCH_PATHS = "$(inherited) @executable_path/Frameworks @loader_path/Frameworks";
				PRODUCT_BUNDLE_IDENTIFIER = com.unchartedworks.SodiumSwift;
				PRODUCT_NAME = SodiumSwift;
				SDKROOT = iphoneos;
				SKIP_INSTALL = YES;
				SUPPORTED_PLATFORMS = "appletvsimulator appletvos";
				SWIFT_VERSION = 3.0;
				TARGETED_DEVICE_FAMILY = "1,2";
				TVOS_DEPLOYMENT_TARGET = 10.0;
				VALID_ARCHS = "arm64 x86_64";
			};
			name = Release;
		};
		EC2890231F1624BE000FB227 /* Debug */ = {
			isa = XCBuildConfiguration;
			buildSettings = {
				ALWAYS_EMBED_SWIFT_STANDARD_LIBRARIES = YES;
				CLANG_ANALYZER_NONNULL = YES;
				CLANG_ENABLE_MODULES = YES;
				"CODE_SIGN_IDENTITY[sdk=iphoneos*]" = "";
				DEFINES_MODULE = YES;
				DYLIB_COMPATIBILITY_VERSION = 1;
				DYLIB_CURRENT_VERSION = 1;
				DYLIB_INSTALL_NAME_BASE = "@rpath";
				ENABLE_BITCODE = NO;
				INFOPLIST_FILE = "$(SRCROOT)/SodiumCocoa/tvOS/Info.plist";
				INSTALL_PATH = "$(LOCAL_LIBRARY_DIR)/Frameworks";
				IPHONEOS_DEPLOYMENT_TARGET = 10.0;
				LD_RUNPATH_SEARCH_PATHS = "$(inherited) @executable_path/Frameworks @loader_path/Frameworks";
				PRODUCT_BUNDLE_IDENTIFIER = ventures.whirlygig.sodium.cocoa.SodiumCocoa;
				PRODUCT_NAME = SodiumCocoa;
				SDKROOT = iphoneos;
				SKIP_INSTALL = YES;
				SUPPORTED_PLATFORMS = "appletvsimulator appletvos";
				SWIFT_OPTIMIZATION_LEVEL = "-Onone";
				SWIFT_VERSION = 3.0.1;
				TARGETED_DEVICE_FAMILY = "1,2";
			};
			name = Debug;
		};
		EC2890241F1624BE000FB227 /* Release */ = {
			isa = XCBuildConfiguration;
			buildSettings = {
				ALWAYS_EMBED_SWIFT_STANDARD_LIBRARIES = YES;
				CLANG_ANALYZER_NONNULL = YES;
				CLANG_ENABLE_MODULES = YES;
				"CODE_SIGN_IDENTITY[sdk=iphoneos*]" = "";
				DEFINES_MODULE = YES;
				DYLIB_COMPATIBILITY_VERSION = 1;
				DYLIB_CURRENT_VERSION = 1;
				DYLIB_INSTALL_NAME_BASE = "@rpath";
				ENABLE_BITCODE = NO;
				INFOPLIST_FILE = "$(SRCROOT)/SodiumCocoa/tvOS/Info.plist";
				INSTALL_PATH = "$(LOCAL_LIBRARY_DIR)/Frameworks";
				IPHONEOS_DEPLOYMENT_TARGET = 10.0;
				LD_RUNPATH_SEARCH_PATHS = "$(inherited) @executable_path/Frameworks @loader_path/Frameworks";
				PRODUCT_BUNDLE_IDENTIFIER = ventures.whirlygig.sodium.cocoa.SodiumCocoa;
				PRODUCT_NAME = SodiumCocoa;
				SDKROOT = iphoneos;
				SKIP_INSTALL = YES;
				SUPPORTED_PLATFORMS = "appletvsimulator appletvos";
				SWIFT_VERSION = 3.0.1;
				TARGETED_DEVICE_FAMILY = "1,2";
			};
			name = Release;
		};
		EC2E4E3C20304B160054825F /* Debug */ = {
			isa = XCBuildConfiguration;
			buildSettings = {
				CLANG_ANALYZER_NONNULL = YES;
				CLANG_ANALYZER_NUMBER_OBJECT_CONVERSION = YES_AGGRESSIVE;
				CLANG_CXX_LANGUAGE_STANDARD = "gnu++14";
				CLANG_WARN_DOCUMENTATION_COMMENTS = YES;
				CLANG_WARN_UNGUARDED_AVAILABILITY = YES_AGGRESSIVE;
				CODE_SIGN_IDENTITY = "iPhone Developer";
				CODE_SIGN_STYLE = Automatic;
				DEVELOPMENT_TEAM = NA5BE2D52P;
				GCC_C_LANGUAGE_STANDARD = gnu11;
				INFOPLIST_FILE = "SodiumSwiftTests-iOS/Info.plist";
				IPHONEOS_DEPLOYMENT_TARGET = 11.2;
				LD_RUNPATH_SEARCH_PATHS = "$(inherited) @executable_path/Frameworks @loader_path/Frameworks";
				PRODUCT_BUNDLE_IDENTIFIER = "com.unchartedworks.SodiumSwiftTests-iOS";
				PRODUCT_NAME = "$(TARGET_NAME)";
				SWIFT_ACTIVE_COMPILATION_CONDITIONS = DEBUG;
				SWIFT_VERSION = 4.0;
				TARGETED_DEVICE_FAMILY = "1,2";
			};
			name = Debug;
		};
		EC2E4E3D20304B160054825F /* Release */ = {
			isa = XCBuildConfiguration;
			buildSettings = {
				CLANG_ANALYZER_NONNULL = YES;
				CLANG_ANALYZER_NUMBER_OBJECT_CONVERSION = YES_AGGRESSIVE;
				CLANG_CXX_LANGUAGE_STANDARD = "gnu++14";
				CLANG_WARN_DOCUMENTATION_COMMENTS = YES;
				CLANG_WARN_UNGUARDED_AVAILABILITY = YES_AGGRESSIVE;
				CODE_SIGN_IDENTITY = "iPhone Developer";
				CODE_SIGN_STYLE = Automatic;
				DEVELOPMENT_TEAM = NA5BE2D52P;
				GCC_C_LANGUAGE_STANDARD = gnu11;
				INFOPLIST_FILE = "SodiumSwiftTests-iOS/Info.plist";
				IPHONEOS_DEPLOYMENT_TARGET = 11.2;
				LD_RUNPATH_SEARCH_PATHS = "$(inherited) @executable_path/Frameworks @loader_path/Frameworks";
				PRODUCT_BUNDLE_IDENTIFIER = "com.unchartedworks.SodiumSwiftTests-iOS";
				PRODUCT_NAME = "$(TARGET_NAME)";
				SWIFT_VERSION = 4.0;
				TARGETED_DEVICE_FAMILY = "1,2";
			};
			name = Release;
		};
		EC2E4E4E20304D2C0054825F /* Debug */ = {
			isa = XCBuildConfiguration;
			buildSettings = {
				CLANG_ANALYZER_NONNULL = YES;
				CLANG_ANALYZER_NUMBER_OBJECT_CONVERSION = YES_AGGRESSIVE;
				CLANG_CXX_LANGUAGE_STANDARD = "gnu++14";
				CLANG_WARN_DOCUMENTATION_COMMENTS = YES;
				CLANG_WARN_UNGUARDED_AVAILABILITY = YES_AGGRESSIVE;
				CODE_SIGN_IDENTITY = "iPhone Developer";
				CODE_SIGN_STYLE = Automatic;
				DEVELOPMENT_TEAM = NA5BE2D52P;
				GCC_C_LANGUAGE_STANDARD = gnu11;
				INFOPLIST_FILE = "SodiumCocoaTests-iOS/Info.plist";
				IPHONEOS_DEPLOYMENT_TARGET = 11.2;
				LD_RUNPATH_SEARCH_PATHS = "$(inherited) @executable_path/Frameworks @loader_path/Frameworks";
				PRODUCT_BUNDLE_IDENTIFIER = "com.unchartedworks.SodiumCocoaTests-iOS";
				PRODUCT_NAME = "$(TARGET_NAME)";
				SWIFT_ACTIVE_COMPILATION_CONDITIONS = DEBUG;
				SWIFT_VERSION = 4.0;
				TARGETED_DEVICE_FAMILY = "1,2";
			};
			name = Debug;
		};
		EC2E4E4F20304D2C0054825F /* Release */ = {
			isa = XCBuildConfiguration;
			buildSettings = {
				CLANG_ANALYZER_NONNULL = YES;
				CLANG_ANALYZER_NUMBER_OBJECT_CONVERSION = YES_AGGRESSIVE;
				CLANG_CXX_LANGUAGE_STANDARD = "gnu++14";
				CLANG_WARN_DOCUMENTATION_COMMENTS = YES;
				CLANG_WARN_UNGUARDED_AVAILABILITY = YES_AGGRESSIVE;
				CODE_SIGN_IDENTITY = "iPhone Developer";
				CODE_SIGN_STYLE = Automatic;
				DEVELOPMENT_TEAM = NA5BE2D52P;
				GCC_C_LANGUAGE_STANDARD = gnu11;
				INFOPLIST_FILE = "SodiumCocoaTests-iOS/Info.plist";
				IPHONEOS_DEPLOYMENT_TARGET = 11.2;
				LD_RUNPATH_SEARCH_PATHS = "$(inherited) @executable_path/Frameworks @loader_path/Frameworks";
				PRODUCT_BUNDLE_IDENTIFIER = "com.unchartedworks.SodiumCocoaTests-iOS";
				PRODUCT_NAME = "$(TARGET_NAME)";
				SWIFT_VERSION = 4.0;
				TARGETED_DEVICE_FAMILY = "1,2";
			};
			name = Release;
		};
		EC33609E1F1F5D6A00D6C3AE /* Debug */ = {
			isa = XCBuildConfiguration;
			buildSettings = {
				CLANG_ANALYZER_NONNULL = YES;
				CLANG_WARN_DOCUMENTATION_COMMENTS = YES;
				CLANG_WARN_SUSPICIOUS_MOVES = YES;
				CODE_SIGN_IDENTITY = "";
				DEFINES_MODULE = YES;
				DYLIB_COMPATIBILITY_VERSION = 1;
				DYLIB_CURRENT_VERSION = 1;
				DYLIB_INSTALL_NAME_BASE = "@rpath";
				ENABLE_BITCODE = NO;
				INFOPLIST_FILE = "$(SRCROOT)/SodiumSwift/macOS/Info.plist";
				INSTALL_PATH = "$(LOCAL_LIBRARY_DIR)/Frameworks";
				IPHONEOS_DEPLOYMENT_TARGET = 10.0;
				LD_RUNPATH_SEARCH_PATHS = "$(inherited) @executable_path/Frameworks @loader_path/Frameworks";
				MACOSX_DEPLOYMENT_TARGET = 10.11;
				ONLY_ACTIVE_ARCH = NO;
				PRODUCT_BUNDLE_IDENTIFIER = com.unchartedworks.SodiumSwift;
				PRODUCT_NAME = SodiumSwift;
				SDKROOT = macosx;
				SKIP_INSTALL = YES;
				SWIFT_ACTIVE_COMPILATION_CONDITIONS = DEBUG;
				SWIFT_OBJC_INTERFACE_HEADER_NAME = "$(SWIFT_MODULE_NAME)-macOS-Swift.h";
				SWIFT_VERSION = 3.0;
				TARGETED_DEVICE_FAMILY = "1,2";
				TVOS_DEPLOYMENT_TARGET = 10.0;
				VALID_ARCHS = "arm64 x86_64";
			};
			name = Debug;
		};
		EC33609F1F1F5D6A00D6C3AE /* Release */ = {
			isa = XCBuildConfiguration;
			buildSettings = {
				CLANG_ANALYZER_NONNULL = YES;
				CLANG_WARN_DOCUMENTATION_COMMENTS = YES;
				CLANG_WARN_SUSPICIOUS_MOVES = YES;
				CODE_SIGN_IDENTITY = "";
				DEFINES_MODULE = YES;
				DYLIB_COMPATIBILITY_VERSION = 1;
				DYLIB_CURRENT_VERSION = 1;
				DYLIB_INSTALL_NAME_BASE = "@rpath";
				ENABLE_BITCODE = NO;
				INFOPLIST_FILE = "$(SRCROOT)/SodiumSwift/macOS/Info.plist";
				INSTALL_PATH = "$(LOCAL_LIBRARY_DIR)/Frameworks";
				IPHONEOS_DEPLOYMENT_TARGET = 10.0;
				LD_RUNPATH_SEARCH_PATHS = "$(inherited) @executable_path/Frameworks @loader_path/Frameworks";
				MACOSX_DEPLOYMENT_TARGET = 10.11;
				PRODUCT_BUNDLE_IDENTIFIER = com.unchartedworks.SodiumSwift;
				PRODUCT_NAME = SodiumSwift;
				SDKROOT = macosx;
				SKIP_INSTALL = YES;
				SWIFT_OBJC_INTERFACE_HEADER_NAME = "$(SWIFT_MODULE_NAME)-macOS-Swift.h";
				SWIFT_VERSION = 3.0;
				TARGETED_DEVICE_FAMILY = "1,2";
				TVOS_DEPLOYMENT_TARGET = 10.0;
				VALID_ARCHS = "arm64 x86_64";
			};
			name = Release;
		};
		EC7908DB1DF869D10081B51E /* Debug */ = {
			isa = XCBuildConfiguration;
			buildSettings = {
				CLANG_ANALYZER_NONNULL = YES;
				CLANG_WARN_DOCUMENTATION_COMMENTS = YES;
				CLANG_WARN_SUSPICIOUS_MOVES = YES;
				CODE_SIGN_IDENTITY = "";
				DEFINES_MODULE = YES;
				DYLIB_COMPATIBILITY_VERSION = 1;
				DYLIB_CURRENT_VERSION = 1;
				DYLIB_INSTALL_NAME_BASE = "@rpath";
				ENABLE_BITCODE = NO;
				INFOPLIST_FILE = "$(SRCROOT)/SodiumSwift/iOS/Info.plist";
				INSTALL_PATH = "$(LOCAL_LIBRARY_DIR)/Frameworks";
				IPHONEOS_DEPLOYMENT_TARGET = 10.0;
				LD_RUNPATH_SEARCH_PATHS = "$(inherited) @executable_path/Frameworks @loader_path/Frameworks";
				ONLY_ACTIVE_ARCH = NO;
				PRODUCT_BUNDLE_IDENTIFIER = com.unchartedworks.SodiumSwift;
				PRODUCT_NAME = "$(TARGET_NAME)";
				SDKROOT = iphoneos;
				SKIP_INSTALL = YES;
				SWIFT_ACTIVE_COMPILATION_CONDITIONS = DEBUG;
				SWIFT_VERSION = 3.0;
				TARGETED_DEVICE_FAMILY = "1,2";
				TVOS_DEPLOYMENT_TARGET = 10.0;
				VALID_ARCHS = "armv7 arm64 x86_64";
			};
			name = Debug;
		};
		EC7908DC1DF869D10081B51E /* Release */ = {
			isa = XCBuildConfiguration;
			buildSettings = {
				CLANG_ANALYZER_NONNULL = YES;
				CLANG_WARN_DOCUMENTATION_COMMENTS = YES;
				CLANG_WARN_SUSPICIOUS_MOVES = YES;
				CODE_SIGN_IDENTITY = "";
				DEFINES_MODULE = YES;
				DYLIB_COMPATIBILITY_VERSION = 1;
				DYLIB_CURRENT_VERSION = 1;
				DYLIB_INSTALL_NAME_BASE = "@rpath";
				ENABLE_BITCODE = NO;
				INFOPLIST_FILE = "$(SRCROOT)/SodiumSwift/iOS/Info.plist";
				INSTALL_PATH = "$(LOCAL_LIBRARY_DIR)/Frameworks";
				IPHONEOS_DEPLOYMENT_TARGET = 10.0;
				LD_RUNPATH_SEARCH_PATHS = "$(inherited) @executable_path/Frameworks @loader_path/Frameworks";
				PRODUCT_BUNDLE_IDENTIFIER = com.unchartedworks.SodiumSwift;
				PRODUCT_NAME = "$(TARGET_NAME)";
				SDKROOT = iphoneos;
				SKIP_INSTALL = YES;
				SWIFT_VERSION = 3.0;
				TARGETED_DEVICE_FAMILY = "1,2";
				TVOS_DEPLOYMENT_TARGET = 10.0;
				VALID_ARCHS = "armv7 arm64 x86_64";
			};
			name = Release;
		};
/* End XCBuildConfiguration section */

/* Begin XCConfigurationList section */
		055B91C51CD13D940048BC24 /* Build configuration list for PBXProject "Sodium" */ = {
			isa = XCConfigurationList;
			buildConfigurations = (
				055B91DD1CD13D950048BC24 /* Debug */,
				055B91DE1CD13D950048BC24 /* Release */,
			);
			defaultConfigurationIsVisible = 0;
			defaultConfigurationName = Release;
		};
		05E3C6D81CEFBD1B00BAFE1D /* Build configuration list for PBXNativeTarget "SodiumExamples" */ = {
			isa = XCConfigurationList;
			buildConfigurations = (
				05E3C6D61CEFBD1B00BAFE1D /* Debug */,
				05E3C6D71CEFBD1B00BAFE1D /* Release */,
			);
			defaultConfigurationIsVisible = 0;
			defaultConfigurationName = Release;
		};
		05E3C6E31CEFBDBB00BAFE1D /* Build configuration list for PBXNativeTarget "SodiumCocoa" */ = {
			isa = XCConfigurationList;
			buildConfigurations = (
				05E3C6E41CEFBDBB00BAFE1D /* Debug */,
				05E3C6E51CEFBDBB00BAFE1D /* Release */,
			);
			defaultConfigurationIsVisible = 0;
			defaultConfigurationName = Release;
		};
		EC28900E1F16227E000FB227 /* Build configuration list for PBXNativeTarget "SodiumSwift-tvOS" */ = {
			isa = XCConfigurationList;
			buildConfigurations = (
				EC28900F1F16227E000FB227 /* Debug */,
				EC2890101F16227E000FB227 /* Release */,
			);
			defaultConfigurationIsVisible = 0;
			defaultConfigurationName = Release;
		};
		EC2890221F1624BE000FB227 /* Build configuration list for PBXNativeTarget "SodiumCocoa-tvOS" */ = {
			isa = XCConfigurationList;
			buildConfigurations = (
				EC2890231F1624BE000FB227 /* Debug */,
				EC2890241F1624BE000FB227 /* Release */,
			);
			defaultConfigurationIsVisible = 0;
			defaultConfigurationName = Release;
		};
		EC2E4E3B20304B160054825F /* Build configuration list for PBXNativeTarget "SodiumSwiftTests-iOS" */ = {
			isa = XCConfigurationList;
			buildConfigurations = (
				EC2E4E3C20304B160054825F /* Debug */,
				EC2E4E3D20304B160054825F /* Release */,
			);
			defaultConfigurationIsVisible = 0;
			defaultConfigurationName = Release;
		};
		EC2E4E4D20304D2C0054825F /* Build configuration list for PBXNativeTarget "SodiumCocoaTests-iOS" */ = {
			isa = XCConfigurationList;
			buildConfigurations = (
				EC2E4E4E20304D2C0054825F /* Debug */,
				EC2E4E4F20304D2C0054825F /* Release */,
			);
			defaultConfigurationIsVisible = 0;
			defaultConfigurationName = Release;
		};
		EC33609D1F1F5D6A00D6C3AE /* Build configuration list for PBXNativeTarget "SodiumSwift-macOS" */ = {
			isa = XCConfigurationList;
			buildConfigurations = (
				EC33609E1F1F5D6A00D6C3AE /* Debug */,
				EC33609F1F1F5D6A00D6C3AE /* Release */,
			);
			defaultConfigurationIsVisible = 0;
			defaultConfigurationName = Release;
		};
		EC7908DA1DF869D10081B51E /* Build configuration list for PBXNativeTarget "SodiumSwift" */ = {
			isa = XCConfigurationList;
			buildConfigurations = (
				EC7908DB1DF869D10081B51E /* Debug */,
				EC7908DC1DF869D10081B51E /* Release */,
			);
			defaultConfigurationIsVisible = 0;
			defaultConfigurationName = Release;
		};
/* End XCConfigurationList section */
	};
	rootObject = 055B91C21CD13D940048BC24 /* Project object */;
}
